// !$*UTF8*$!
{
	archiveVersion = 1;
	classes = {
	};
	objectVersion = 50;
	objects = {

/* Begin PBXBuildFile section */
		9F2A95EC2240318400E6F74F /* QLog.framework in Frameworks */ = {isa = PBXBuildFile; fileRef = 9F2A95E72240313D00E6F74F /* QLog.framework */; };
		9F2A95ED2240318400E6F74F /* QLog.framework in Embed Frameworks */ = {isa = PBXBuildFile; fileRef = 9F2A95E72240313D00E6F74F /* QLog.framework */; settings = {ATTRIBUTES = (CodeSignOnCopy, RemoveHeadersOnCopy, ); }; };
		9F2A95F22240330100E6F74F /* Zip.framework in Frameworks */ = {isa = PBXBuildFile; fileRef = 9F2A95F12240330100E6F74F /* Zip.framework */; };
		9F2A95F32240330100E6F74F /* Zip.framework in Embed Frameworks */ = {isa = PBXBuildFile; fileRef = 9F2A95F12240330100E6F74F /* Zip.framework */; settings = {ATTRIBUTES = (CodeSignOnCopy, RemoveHeadersOnCopy, ); }; };
		9F2A95F62240334300E6F74F /* main.swift in Sources */ = {isa = PBXBuildFile; fileRef = 9F2A95F52240334300E6F74F /* main.swift */; };
		9F2A95F8224033FE00E6F74F /* TestAppDelegate.swift in Sources */ = {isa = PBXBuildFile; fileRef = 9F2A95F7224033FE00E6F74F /* TestAppDelegate.swift */; };
		9F3FF26D22401BB70096E7C2 /* AppDelegate.swift in Sources */ = {isa = PBXBuildFile; fileRef = 9F3FF26C22401BB70096E7C2 /* AppDelegate.swift */; };
		9F3FF27522401BB70096E7C2 /* TodoList.xcdatamodeld in Sources */ = {isa = PBXBuildFile; fileRef = 9F3FF27322401BB70096E7C2 /* TodoList.xcdatamodeld */; };
		9F3FF27722401BB90096E7C2 /* Assets.xcassets in Resources */ = {isa = PBXBuildFile; fileRef = 9F3FF27622401BB90096E7C2 /* Assets.xcassets */; };
		9F3FF27A22401BB90096E7C2 /* LaunchScreen.storyboard in Resources */ = {isa = PBXBuildFile; fileRef = 9F3FF27822401BB90096E7C2 /* LaunchScreen.storyboard */; };
		9F3FF29022401BBA0096E7C2 /* TodosTableViewTests.swift in Sources */ = {isa = PBXBuildFile; fileRef = 9F3FF28F22401BBA0096E7C2 /* TodosTableViewTests.swift */; };
		9F7601F22242D6B400DA7FC9 /* TodoTableViewController.swift in Sources */ = {isa = PBXBuildFile; fileRef = 9F7601F12242D6B400DA7FC9 /* TodoTableViewController.swift */; };
		9F7602042242D6C800DA7FC9 /* TodoTableViewController.storyboard in Resources */ = {isa = PBXBuildFile; fileRef = 9F7602032242D6C800DA7FC9 /* TodoTableViewController.storyboard */; };
		9F7602062242DA8000DA7FC9 /* TodoTableViewCoordinator.swift in Sources */ = {isa = PBXBuildFile; fileRef = 9F7602052242DA8000DA7FC9 /* TodoTableViewCoordinator.swift */; };
		9F7602082242E32300DA7FC9 /* Texts.swift in Sources */ = {isa = PBXBuildFile; fileRef = 9F7602072242E32300DA7FC9 /* Texts.swift */; };
		9F76F4462242620600EE2E2E /* QTableViewController.swift in Sources */ = {isa = PBXBuildFile; fileRef = 9F76F4452242620600EE2E2E /* QTableViewController.swift */; };
		9F76F4572242625F00EE2E2E /* QTableViewCell.swift in Sources */ = {isa = PBXBuildFile; fileRef = 9F76F4562242625F00EE2E2E /* QTableViewCell.swift */; };
		9F76F4592242629B00EE2E2E /* QColor.swift in Sources */ = {isa = PBXBuildFile; fileRef = 9F76F4582242629B00EE2E2E /* QColor.swift */; };
		9F76F45B224262E500EE2E2E /* String.swift in Sources */ = {isa = PBXBuildFile; fileRef = 9F76F45A224262E500EE2E2E /* String.swift */; };
		9F76F45E2242632C00EE2E2E /* QLabel.swift in Sources */ = {isa = PBXBuildFile; fileRef = 9F76F45D2242632C00EE2E2E /* QLabel.swift */; };
		9F76F47322426D2900EE2E2E /* QSwitch.swift in Sources */ = {isa = PBXBuildFile; fileRef = 9F76F47222426D2900EE2E2E /* QSwitch.swift */; };
		9F7919FE2240411D003DA51B /* Todo.swift in Sources */ = {isa = PBXBuildFile; fileRef = 9F7919FD2240411D003DA51B /* Todo.swift */; };
		9F791A172240425C003DA51B /* CoreStore.framework in Frameworks */ = {isa = PBXBuildFile; fileRef = 9F791A0A2240422D003DA51B /* CoreStore.framework */; };
		9F791A182240425C003DA51B /* CoreStore.framework in Embed Frameworks */ = {isa = PBXBuildFile; fileRef = 9F791A0A2240422D003DA51B /* CoreStore.framework */; settings = {ATTRIBUTES = (CodeSignOnCopy, RemoveHeadersOnCopy, ); }; };
		9F791A1D224043BB003DA51B /* App.swift in Sources */ = {isa = PBXBuildFile; fileRef = 9F791A1C224043BB003DA51B /* App.swift */; };
		9F791A1F224043F0003DA51B /* Database.swift in Sources */ = {isa = PBXBuildFile; fileRef = 9F791A1E224043F0003DA51B /* Database.swift */; };
		9F791A25224046B8003DA51B /* NetworkService.swift in Sources */ = {isa = PBXBuildFile; fileRef = 9F791A24224046B8003DA51B /* NetworkService.swift */; };
		9F791A2722417376003DA51B /* TodoBase.swift in Sources */ = {isa = PBXBuildFile; fileRef = 9F791A2622417376003DA51B /* TodoBase.swift */; };
		9F791A2922417B26003DA51B /* TodoFull.swift in Sources */ = {isa = PBXBuildFile; fileRef = 9F791A2822417B26003DA51B /* TodoFull.swift */; };
		9F791A2C22418147003DA51B /* TodoFullTests.swift in Sources */ = {isa = PBXBuildFile; fileRef = 9F791A2B22418147003DA51B /* TodoFullTests.swift */; };
		9F791A2E22418948003DA51B /* TodoList.swift in Sources */ = {isa = PBXBuildFile; fileRef = 9F791A2D22418948003DA51B /* TodoList.swift */; };
		9F791A3022418965003DA51B /* TodoBaseTests.swift in Sources */ = {isa = PBXBuildFile; fileRef = 9F791A2F22418965003DA51B /* TodoBaseTests.swift */; };
		9F791A3222418A37003DA51B /* TodoListTests.swift in Sources */ = {isa = PBXBuildFile; fileRef = 9F791A3122418A37003DA51B /* TodoListTests.swift */; };
		9F791A35224198F1003DA51B /* TodosTableViewController.swift in Sources */ = {isa = PBXBuildFile; fileRef = 9F791A34224198F1003DA51B /* TodosTableViewController.swift */; };
		9F791A3922419951003DA51B /* TodoTableViewCell.swift in Sources */ = {isa = PBXBuildFile; fileRef = 9F791A3722419951003DA51B /* TodoTableViewCell.swift */; };
		9F791A3A22419951003DA51B /* TodoTableViewCell.xib in Resources */ = {isa = PBXBuildFile; fileRef = 9F791A3822419951003DA51B /* TodoTableViewCell.xib */; };
		9F791A3C22419997003DA51B /* TodosTableViewCoordinator.swift in Sources */ = {isa = PBXBuildFile; fileRef = 9F791A3B22419997003DA51B /* TodosTableViewCoordinator.swift */; };
		9F7C37A32242879200A6CF66 /* Date.swift in Sources */ = {isa = PBXBuildFile; fileRef = 9F7C37A22242879200A6CF66 /* Date.swift */; };
		9F8645882246F4E500712CDD /* GameIcons.framework in Frameworks */ = {isa = PBXBuildFile; fileRef = 9F862A7B2246EC6600712CDD /* GameIcons.framework */; };
		9F8645892246F4E500712CDD /* GameIcons.framework in Embed Frameworks */ = {isa = PBXBuildFile; fileRef = 9F862A7B2246EC6600712CDD /* GameIcons.framework */; settings = {ATTRIBUTES = (CodeSignOnCopy, RemoveHeadersOnCopy, ); }; };
		9F8645DB2246F91D00712CDD /* Macaw.framework in Frameworks */ = {isa = PBXBuildFile; fileRef = 9F8645DA2246F91C00712CDD /* Macaw.framework */; };
		9F8645DC2246F91D00712CDD /* Macaw.framework in Embed Frameworks */ = {isa = PBXBuildFile; fileRef = 9F8645DA2246F91C00712CDD /* Macaw.framework */; settings = {ATTRIBUTES = (CodeSignOnCopy, RemoveHeadersOnCopy, ); }; };
		9F8646162247A81100712CDD /* Service.swift in Sources */ = {isa = PBXBuildFile; fileRef = 9F8646152247A81100712CDD /* Service.swift */; };
		9F8646182247A99E00712CDD /* Repository.swift in Sources */ = {isa = PBXBuildFile; fileRef = 9F8646172247A99E00712CDD /* Repository.swift */; };
		9F86461A2247AC6000712CDD /* TodoRepository.swift in Sources */ = {isa = PBXBuildFile; fileRef = 9F8646192247AC6000712CDD /* TodoRepository.swift */; };
		9F8646652247C20900712CDD /* TodoRepositoryTests.swift in Sources */ = {isa = PBXBuildFile; fileRef = 9F8646642247C20900712CDD /* TodoRepositoryTests.swift */; };
		9F8646672247E19F00712CDD /* AppCoordinatorTests.swift in Sources */ = {isa = PBXBuildFile; fileRef = 9F8646662247E19F00712CDD /* AppCoordinatorTests.swift */; };
		9F86469A2247E7BB00712CDD /* Cuckoo.framework in Frameworks */ = {isa = PBXBuildFile; fileRef = 9F8646992247E7BB00712CDD /* Cuckoo.framework */; };
		9F86469C2247EBF700712CDD /* GeneratedMocks.swift in Sources */ = {isa = PBXBuildFile; fileRef = 9F86469B2247EBF600712CDD /* GeneratedMocks.swift */; };
		9F86469F2247EC6500712CDD /* SettingsTableViewControllerTests.swift in Sources */ = {isa = PBXBuildFile; fileRef = 9F86469E2247EC6500712CDD /* SettingsTableViewControllerTests.swift */; };
		9F8646A12248042800712CDD /* TodosTableViewControllerTests.swift in Sources */ = {isa = PBXBuildFile; fileRef = 9F8646A02248042800712CDD /* TodosTableViewControllerTests.swift */; };
		9F93560F224037AA0092009A /* AppCoordinator.swift in Sources */ = {isa = PBXBuildFile; fileRef = 9F93560E224037A90092009A /* AppCoordinator.swift */; };
		9F935611224037D20092009A /* Coordinator.swift in Sources */ = {isa = PBXBuildFile; fileRef = 9F935610224037D20092009A /* Coordinator.swift */; };
		9F935613224037F40092009A /* RootViewCoordinator.swift in Sources */ = {isa = PBXBuildFile; fileRef = 9F935612224037F40092009A /* RootViewCoordinator.swift */; };
		9F93565822403D960092009A /* Alamofire.framework in Frameworks */ = {isa = PBXBuildFile; fileRef = 9F93564B22403D8B0092009A /* Alamofire.framework */; };
		9F93565922403D960092009A /* Alamofire.framework in Embed Frameworks */ = {isa = PBXBuildFile; fileRef = 9F93564B22403D8B0092009A /* Alamofire.framework */; settings = {ATTRIBUTES = (CodeSignOnCopy, RemoveHeadersOnCopy, ); }; };
		9FB81E5722453502002BF3F1 /* DateTests.swift in Sources */ = {isa = PBXBuildFile; fileRef = 9FB81E5622453502002BF3F1 /* DateTests.swift */; };
		9FB81E5922453A40002BF3F1 /* StringTests.swift in Sources */ = {isa = PBXBuildFile; fileRef = 9FB81E5822453A40002BF3F1 /* StringTests.swift */; };
		9FB81EAC22456FBD002BF3F1 /* Localizable.strings in Resources */ = {isa = PBXBuildFile; fileRef = 9FB81EAE22456FBD002BF3F1 /* Localizable.strings */; };
		9FB81EB12245811A002BF3F1 /* Preferences.swift in Sources */ = {isa = PBXBuildFile; fileRef = 9FB81EB022458119002BF3F1 /* Preferences.swift */; };
		9FB81EB322458189002BF3F1 /* UserDefaults.swift in Sources */ = {isa = PBXBuildFile; fileRef = 9FB81EB222458189002BF3F1 /* UserDefaults.swift */; };
		9FB81ECF224582BE002BF3F1 /* SwiftyUserDefaults.framework in Frameworks */ = {isa = PBXBuildFile; fileRef = 9FB81EBA22458280002BF3F1 /* SwiftyUserDefaults.framework */; };
		9FB81ED0224582BE002BF3F1 /* SwiftyUserDefaults.framework in Embed Frameworks */ = {isa = PBXBuildFile; fileRef = 9FB81EBA22458280002BF3F1 /* SwiftyUserDefaults.framework */; settings = {ATTRIBUTES = (CodeSignOnCopy, RemoveHeadersOnCopy, ); }; };
		9FB81ED422464813002BF3F1 /* Component.swift in Sources */ = {isa = PBXBuildFile; fileRef = 9FB81ED322464813002BF3F1 /* Component.swift */; };
		9FB81ED622464924002BF3F1 /* Strings.swift in Sources */ = {isa = PBXBuildFile; fileRef = 9FB81ED522464924002BF3F1 /* Strings.swift */; };
		9FB81ED822465245002BF3F1 /* SettingsTableViewController.swift in Sources */ = {isa = PBXBuildFile; fileRef = 9FB81ED722465245002BF3F1 /* SettingsTableViewController.swift */; };
		9FB81EDA22465275002BF3F1 /* SettingsTableViewController.storyboard in Resources */ = {isa = PBXBuildFile; fileRef = 9FB81ED922465275002BF3F1 /* SettingsTableViewController.storyboard */; };
		9FB81EDC22465611002BF3F1 /* SettingsTableViewCoordinator.swift in Sources */ = {isa = PBXBuildFile; fileRef = 9FB81EDB22465611002BF3F1 /* SettingsTableViewCoordinator.swift */; };
		9FB81F252246AADA002BF3F1 /* TodoTableViewTests.swift in Sources */ = {isa = PBXBuildFile; fileRef = 9FB81F242246AAD9002BF3F1 /* TodoTableViewTests.swift */; };
/* End PBXBuildFile section */

/* Begin PBXContainerItemProxy section */
		9F2A95E62240313D00E6F74F /* PBXContainerItemProxy */ = {
			isa = PBXContainerItemProxy;
			containerPortal = 9F2A95DD2240313C00E6F74F /* QLog.xcodeproj */;
			proxyType = 2;
			remoteGlobalIDString = 9FE859FB1EFAA73600560920;
			remoteInfo = QLog;
		};
		9F2A95E82240313D00E6F74F /* PBXContainerItemProxy */ = {
			isa = PBXContainerItemProxy;
			containerPortal = 9F2A95DD2240313C00E6F74F /* QLog.xcodeproj */;
			proxyType = 2;
			remoteGlobalIDString = 9FE85A041EFAA73700560920;
			remoteInfo = QLogTests;
		};
		9F2A95EA2240313D00E6F74F /* PBXContainerItemProxy */ = {
			isa = PBXContainerItemProxy;
			containerPortal = 9F2A95DD2240313C00E6F74F /* QLog.xcodeproj */;
			proxyType = 2;
			remoteGlobalIDString = 9F48D0C32210C76000DB9472;
			remoteInfo = QLogTestsHostApp;
		};
		9F2A95EE2240318400E6F74F /* PBXContainerItemProxy */ = {
			isa = PBXContainerItemProxy;
			containerPortal = 9F2A95DD2240313C00E6F74F /* QLog.xcodeproj */;
			proxyType = 1;
			remoteGlobalIDString = 9FE859FA1EFAA73600560920;
			remoteInfo = QLog;
		};
		9F3FF28122401BBA0096E7C2 /* PBXContainerItemProxy */ = {
			isa = PBXContainerItemProxy;
			containerPortal = 9F3FF26122401BB70096E7C2 /* Project object */;
			proxyType = 1;
			remoteGlobalIDString = 9F3FF26822401BB70096E7C2;
			remoteInfo = TodoList;
		};
		9F3FF28C22401BBA0096E7C2 /* PBXContainerItemProxy */ = {
			isa = PBXContainerItemProxy;
			containerPortal = 9F3FF26122401BB70096E7C2 /* Project object */;
			proxyType = 1;
			remoteGlobalIDString = 9F3FF26822401BB70096E7C2;
			remoteInfo = TodoList;
		};
		9F51CF8322424F1300E5F0BF /* PBXContainerItemProxy */ = {
			isa = PBXContainerItemProxy;
			containerPortal = 9F93563F22403D8A0092009A /* Alamofire.xcodeproj */;
			proxyType = 1;
			remoteGlobalIDString = F8111E3219A95C8B0040E7D1;
			remoteInfo = "Alamofire iOS";
		};
		9F791A092240422D003DA51B /* PBXContainerItemProxy */ = {
			isa = PBXContainerItemProxy;
			containerPortal = 9F7919FF2240422D003DA51B /* CoreStore.xcodeproj */;
			proxyType = 2;
			remoteGlobalIDString = 2F03A53019C5C6DA005002A5;
			remoteInfo = "CoreStore iOS";
		};
		9F791A0B2240422D003DA51B /* PBXContainerItemProxy */ = {
			isa = PBXContainerItemProxy;
			containerPortal = 9F7919FF2240422D003DA51B /* CoreStore.xcodeproj */;
			proxyType = 2;
			remoteGlobalIDString = 2F03A53B19C5C6DA005002A5;
			remoteInfo = "CoreStoreTests iOS";
		};
		9F791A0D2240422D003DA51B /* PBXContainerItemProxy */ = {
			isa = PBXContainerItemProxy;
			containerPortal = 9F7919FF2240422D003DA51B /* CoreStore.xcodeproj */;
			proxyType = 2;
			remoteGlobalIDString = 82BA18891C4BBCBA00A0916E;
			remoteInfo = "CoreStore tvOS";
		};
		9F791A0F2240422D003DA51B /* PBXContainerItemProxy */ = {
			isa = PBXContainerItemProxy;
			containerPortal = 9F7919FF2240422D003DA51B /* CoreStore.xcodeproj */;
			proxyType = 2;
			remoteGlobalIDString = 82BA18921C4BBCBA00A0916E;
			remoteInfo = "CoreStoreTests tvOS";
		};
		9F791A112240422D003DA51B /* PBXContainerItemProxy */ = {
			isa = PBXContainerItemProxy;
			containerPortal = 9F7919FF2240422D003DA51B /* CoreStore.xcodeproj */;
			proxyType = 2;
			remoteGlobalIDString = B563216F1BD65082006C9394;
			remoteInfo = "CoreStore watchOS";
		};
		9F791A132240422D003DA51B /* PBXContainerItemProxy */ = {
			isa = PBXContainerItemProxy;
			containerPortal = 9F7919FF2240422D003DA51B /* CoreStore.xcodeproj */;
			proxyType = 2;
			remoteGlobalIDString = B52DD1741BE1F8CC00949AFE;
			remoteInfo = "CoreStore OSX";
		};
		9F791A152240422D003DA51B /* PBXContainerItemProxy */ = {
			isa = PBXContainerItemProxy;
			containerPortal = 9F7919FF2240422D003DA51B /* CoreStore.xcodeproj */;
			proxyType = 2;
			remoteGlobalIDString = B52DD17D1BE1F8CC00949AFE;
			remoteInfo = "CoreStoreTests OSX";
		};
		9F791A192240425C003DA51B /* PBXContainerItemProxy */ = {
			isa = PBXContainerItemProxy;
			containerPortal = 9F7919FF2240422D003DA51B /* CoreStore.xcodeproj */;
			proxyType = 1;
			remoteGlobalIDString = 2F03A52F19C5C6DA005002A5;
			remoteInfo = "CoreStore iOS";
		};
		9F862A7A2246EC6600712CDD /* PBXContainerItemProxy */ = {
			isa = PBXContainerItemProxy;
			containerPortal = 9F862A742246EC6600712CDD /* GameIcons.xcodeproj */;
			proxyType = 2;
			remoteGlobalIDString = 9F8B28651FDDEE8F006C8917;
			remoteInfo = GameIcons;
		};
		9F862A7C2246EC6600712CDD /* PBXContainerItemProxy */ = {
			isa = PBXContainerItemProxy;
			containerPortal = 9F862A742246EC6600712CDD /* GameIcons.xcodeproj */;
			proxyType = 2;
			remoteGlobalIDString = 9F8B286E1FDDEE8F006C8917;
			remoteInfo = GameIconsTests;
		};
		9F86458A2246F4E500712CDD /* PBXContainerItemProxy */ = {
			isa = PBXContainerItemProxy;
			containerPortal = 9F862A742246EC6600712CDD /* GameIcons.xcodeproj */;
			proxyType = 1;
			remoteGlobalIDString = 9F8B28641FDDEE8F006C8917;
			remoteInfo = GameIcons;
		};
		9F8646702247E74300712CDD /* PBXContainerItemProxy */ = {
			isa = PBXContainerItemProxy;
			containerPortal = 9F8646682247E74200712CDD /* Cuckoo.xcodeproj */;
			proxyType = 2;
			remoteGlobalIDString = 18E2A28D1FBB1CFC0058FEC5;
			remoteInfo = "Cuckoo-iOS";
		};
		9F8646722247E74300712CDD /* PBXContainerItemProxy */ = {
			isa = PBXContainerItemProxy;
			containerPortal = 9F8646682247E74200712CDD /* Cuckoo.xcodeproj */;
			proxyType = 2;
			remoteGlobalIDString = 18E2A2B61FBB211F0058FEC5;
			remoteInfo = Cuckoo_iOSTests;
		};
		9F8646742247E74300712CDD /* PBXContainerItemProxy */ = {
			isa = PBXContainerItemProxy;
			containerPortal = 9F8646682247E74200712CDD /* Cuckoo.xcodeproj */;
			proxyType = 2;
			remoteGlobalIDString = 18E2A29B1FBB1D400058FEC5;
			remoteInfo = "Cuckoo-macOS";
		};
		9F8646762247E74300712CDD /* PBXContainerItemProxy */ = {
			isa = PBXContainerItemProxy;
			containerPortal = 9F8646682247E74200712CDD /* Cuckoo.xcodeproj */;
			proxyType = 2;
			remoteGlobalIDString = 18E2A2A71FBB20830058FEC5;
			remoteInfo = Cuckoo_macOSTests;
		};
		9F8646972247E7B000712CDD /* PBXContainerItemProxy */ = {
			isa = PBXContainerItemProxy;
			containerPortal = 9F8646682247E74200712CDD /* Cuckoo.xcodeproj */;
			proxyType = 1;
			remoteGlobalIDString = 18E2A28C1FBB1CFC0058FEC5;
			remoteInfo = "Cuckoo-iOS";
		};
		9F93564A22403D8B0092009A /* PBXContainerItemProxy */ = {
			isa = PBXContainerItemProxy;
			containerPortal = 9F93563F22403D8A0092009A /* Alamofire.xcodeproj */;
			proxyType = 2;
			remoteGlobalIDString = F8111E3319A95C8B0040E7D1;
			remoteInfo = "Alamofire iOS";
		};
		9F93564C22403D8B0092009A /* PBXContainerItemProxy */ = {
			isa = PBXContainerItemProxy;
			containerPortal = 9F93563F22403D8A0092009A /* Alamofire.xcodeproj */;
			proxyType = 2;
			remoteGlobalIDString = F8111E3E19A95C8B0040E7D1;
			remoteInfo = "Alamofire iOS Tests";
		};
		9F93564E22403D8B0092009A /* PBXContainerItemProxy */ = {
			isa = PBXContainerItemProxy;
			containerPortal = 9F93563F22403D8A0092009A /* Alamofire.xcodeproj */;
			proxyType = 2;
			remoteGlobalIDString = 4DD67C0B1A5C55C900ED2280;
			remoteInfo = "Alamofire macOS";
		};
		9F93565022403D8B0092009A /* PBXContainerItemProxy */ = {
			isa = PBXContainerItemProxy;
			containerPortal = 9F93563F22403D8A0092009A /* Alamofire.xcodeproj */;
			proxyType = 2;
			remoteGlobalIDString = F829C6B21A7A94F100A2CD59;
			remoteInfo = "Alamofire macOS Tests";
		};
		9F93565222403D8B0092009A /* PBXContainerItemProxy */ = {
			isa = PBXContainerItemProxy;
			containerPortal = 9F93563F22403D8A0092009A /* Alamofire.xcodeproj */;
			proxyType = 2;
			remoteGlobalIDString = 4CF626EF1BA7CB3E0011A099;
			remoteInfo = "Alamofire tvOS";
		};
		9F93565422403D8B0092009A /* PBXContainerItemProxy */ = {
			isa = PBXContainerItemProxy;
			containerPortal = 9F93563F22403D8A0092009A /* Alamofire.xcodeproj */;
			proxyType = 2;
			remoteGlobalIDString = 4CF626F81BA7CB3E0011A099;
			remoteInfo = "Alamofire tvOS Tests";
		};
		9F93565622403D8B0092009A /* PBXContainerItemProxy */ = {
			isa = PBXContainerItemProxy;
			containerPortal = 9F93563F22403D8A0092009A /* Alamofire.xcodeproj */;
			proxyType = 2;
			remoteGlobalIDString = E4202FE01B667AA100C997FB;
			remoteInfo = "Alamofire watchOS";
		};
		9FB81EB922458280002BF3F1 /* PBXContainerItemProxy */ = {
			isa = PBXContainerItemProxy;
			containerPortal = 9FB81EB42245827F002BF3F1 /* SwiftyUserDefaults.xcodeproj */;
			proxyType = 2;
			remoteGlobalIDString = 1A9683391DA938C5FBDD29A7;
			remoteInfo = SwiftyUserDefaults;
		};
		9FB81EBB22458280002BF3F1 /* PBXContainerItemProxy */ = {
			isa = PBXContainerItemProxy;
			containerPortal = 9FB81EB42245827F002BF3F1 /* SwiftyUserDefaults.xcodeproj */;
			proxyType = 2;
			remoteGlobalIDString = F067CFEA88F84E726E835422;
			remoteInfo = SwiftyUserDefaultsTests;
		};
		9FB81ED1224582BF002BF3F1 /* PBXContainerItemProxy */ = {
			isa = PBXContainerItemProxy;
			containerPortal = 9FB81EB42245827F002BF3F1 /* SwiftyUserDefaults.xcodeproj */;
			proxyType = 1;
			remoteGlobalIDString = 61A78F3463F2610F6773A31E;
			remoteInfo = SwiftyUserDefaults;
		};
/* End PBXContainerItemProxy section */

/* Begin PBXCopyFilesBuildPhase section */
		9F2A95F02240318400E6F74F /* Embed Frameworks */ = {
			isa = PBXCopyFilesBuildPhase;
			buildActionMask = 2147483647;
			dstPath = "";
			dstSubfolderSpec = 10;
			files = (
				9F2A95F32240330100E6F74F /* Zip.framework in Embed Frameworks */,
				9F8645892246F4E500712CDD /* GameIcons.framework in Embed Frameworks */,
				9F791A182240425C003DA51B /* CoreStore.framework in Embed Frameworks */,
				9F93565922403D960092009A /* Alamofire.framework in Embed Frameworks */,
				9FB81ED0224582BE002BF3F1 /* SwiftyUserDefaults.framework in Embed Frameworks */,
				9F8645DC2246F91D00712CDD /* Macaw.framework in Embed Frameworks */,
				9F2A95ED2240318400E6F74F /* QLog.framework in Embed Frameworks */,
			);
			name = "Embed Frameworks";
			runOnlyForDeploymentPostprocessing = 0;
		};
/* End PBXCopyFilesBuildPhase section */

/* Begin PBXFileReference section */
		9F2A95DD2240313C00E6F74F /* QLog.xcodeproj */ = {isa = PBXFileReference; lastKnownFileType = "wrapper.pb-project"; name = QLog.xcodeproj; path = ../Frameworks/QLog/QLog/QLog.xcodeproj; sourceTree = "<group>"; };
		9F2A95F12240330100E6F74F /* Zip.framework */ = {isa = PBXFileReference; explicitFileType = wrapper.framework; path = Zip.framework; sourceTree = BUILT_PRODUCTS_DIR; };
		9F2A95F52240334300E6F74F /* main.swift */ = {isa = PBXFileReference; lastKnownFileType = sourcecode.swift; path = main.swift; sourceTree = "<group>"; };
		9F2A95F7224033FE00E6F74F /* TestAppDelegate.swift */ = {isa = PBXFileReference; lastKnownFileType = sourcecode.swift; path = TestAppDelegate.swift; sourceTree = "<group>"; };
		9F3FF26922401BB70096E7C2 /* TodoList.app */ = {isa = PBXFileReference; explicitFileType = wrapper.application; includeInIndex = 0; path = TodoList.app; sourceTree = BUILT_PRODUCTS_DIR; };
		9F3FF26C22401BB70096E7C2 /* AppDelegate.swift */ = {isa = PBXFileReference; lastKnownFileType = sourcecode.swift; path = AppDelegate.swift; sourceTree = "<group>"; };
		9F3FF27422401BB70096E7C2 /* TodoList.xcdatamodel */ = {isa = PBXFileReference; lastKnownFileType = wrapper.xcdatamodel; path = TodoList.xcdatamodel; sourceTree = "<group>"; };
		9F3FF27622401BB90096E7C2 /* Assets.xcassets */ = {isa = PBXFileReference; lastKnownFileType = folder.assetcatalog; path = Assets.xcassets; sourceTree = "<group>"; };
		9F3FF27922401BB90096E7C2 /* Base */ = {isa = PBXFileReference; lastKnownFileType = file.storyboard; name = Base; path = Base.lproj/LaunchScreen.storyboard; sourceTree = "<group>"; };
		9F3FF27B22401BB90096E7C2 /* Info.plist */ = {isa = PBXFileReference; lastKnownFileType = text.plist.xml; path = Info.plist; sourceTree = "<group>"; };
		9F3FF28022401BBA0096E7C2 /* TodoListTests.xctest */ = {isa = PBXFileReference; explicitFileType = wrapper.cfbundle; includeInIndex = 0; path = TodoListTests.xctest; sourceTree = BUILT_PRODUCTS_DIR; };
		9F3FF28622401BBA0096E7C2 /* Info.plist */ = {isa = PBXFileReference; lastKnownFileType = text.plist.xml; path = Info.plist; sourceTree = "<group>"; };
		9F3FF28B22401BBA0096E7C2 /* TodoListUITests.xctest */ = {isa = PBXFileReference; explicitFileType = wrapper.cfbundle; includeInIndex = 0; path = TodoListUITests.xctest; sourceTree = BUILT_PRODUCTS_DIR; };
		9F3FF28F22401BBA0096E7C2 /* TodosTableViewTests.swift */ = {isa = PBXFileReference; lastKnownFileType = sourcecode.swift; path = TodosTableViewTests.swift; sourceTree = "<group>"; };
		9F3FF29122401BBA0096E7C2 /* Info.plist */ = {isa = PBXFileReference; lastKnownFileType = text.plist.xml; path = Info.plist; sourceTree = "<group>"; };
		9F3FF29D22401CD30096E7C2 /* .swiftlint.yml */ = {isa = PBXFileReference; lastKnownFileType = text; path = .swiftlint.yml; sourceTree = "<group>"; };
		9F3FF29E22401CEC0096E7C2 /* .swiftlint.yml */ = {isa = PBXFileReference; lastKnownFileType = text; path = .swiftlint.yml; sourceTree = "<group>"; };
		9F3FF29F22401CFB0096E7C2 /* .swiftlint.yml */ = {isa = PBXFileReference; lastKnownFileType = text; path = .swiftlint.yml; sourceTree = "<group>"; };
		9F3FF2A5224023BB0096E7C2 /* .travis.yml */ = {isa = PBXFileReference; lastKnownFileType = text; name = .travis.yml; path = ../.travis.yml; sourceTree = "<group>"; };
		9F3FF2A7224028430096E7C2 /* README.md */ = {isa = PBXFileReference; fileEncoding = 4; lastKnownFileType = net.daringfireball.markdown; name = README.md; path = ../README.md; sourceTree = "<group>"; };
		9F7601F12242D6B400DA7FC9 /* TodoTableViewController.swift */ = {isa = PBXFileReference; lastKnownFileType = sourcecode.swift; path = TodoTableViewController.swift; sourceTree = "<group>"; };
		9F7602032242D6C800DA7FC9 /* TodoTableViewController.storyboard */ = {isa = PBXFileReference; lastKnownFileType = file.storyboard; path = TodoTableViewController.storyboard; sourceTree = "<group>"; };
		9F7602052242DA8000DA7FC9 /* TodoTableViewCoordinator.swift */ = {isa = PBXFileReference; fileEncoding = 4; lastKnownFileType = sourcecode.swift; path = TodoTableViewCoordinator.swift; sourceTree = "<group>"; };
		9F7602072242E32300DA7FC9 /* Texts.swift */ = {isa = PBXFileReference; fileEncoding = 4; lastKnownFileType = sourcecode.swift; path = Texts.swift; sourceTree = "<group>"; };
		9F76F4452242620600EE2E2E /* QTableViewController.swift */ = {isa = PBXFileReference; lastKnownFileType = sourcecode.swift; path = QTableViewController.swift; sourceTree = "<group>"; };
		9F76F4562242625F00EE2E2E /* QTableViewCell.swift */ = {isa = PBXFileReference; lastKnownFileType = sourcecode.swift; path = QTableViewCell.swift; sourceTree = "<group>"; };
		9F76F4582242629B00EE2E2E /* QColor.swift */ = {isa = PBXFileReference; lastKnownFileType = sourcecode.swift; path = QColor.swift; sourceTree = "<group>"; };
		9F76F45A224262E500EE2E2E /* String.swift */ = {isa = PBXFileReference; lastKnownFileType = sourcecode.swift; path = String.swift; sourceTree = "<group>"; };
		9F76F45D2242632C00EE2E2E /* QLabel.swift */ = {isa = PBXFileReference; lastKnownFileType = sourcecode.swift; path = QLabel.swift; sourceTree = "<group>"; };
		9F76F47222426D2900EE2E2E /* QSwitch.swift */ = {isa = PBXFileReference; lastKnownFileType = sourcecode.swift; path = QSwitch.swift; sourceTree = "<group>"; };
		9F7919FD2240411D003DA51B /* Todo.swift */ = {isa = PBXFileReference; lastKnownFileType = sourcecode.swift; path = Todo.swift; sourceTree = "<group>"; };
		9F7919FF2240422D003DA51B /* CoreStore.xcodeproj */ = {isa = PBXFileReference; lastKnownFileType = "wrapper.pb-project"; name = CoreStore.xcodeproj; path = ../Frameworks/CoreStore/CoreStore.xcodeproj; sourceTree = "<group>"; };
		9F791A1C224043BB003DA51B /* App.swift */ = {isa = PBXFileReference; lastKnownFileType = sourcecode.swift; path = App.swift; sourceTree = "<group>"; };
		9F791A1E224043F0003DA51B /* Database.swift */ = {isa = PBXFileReference; lastKnownFileType = sourcecode.swift; path = Database.swift; sourceTree = "<group>"; };
		9F791A24224046B8003DA51B /* NetworkService.swift */ = {isa = PBXFileReference; lastKnownFileType = sourcecode.swift; path = NetworkService.swift; sourceTree = "<group>"; };
		9F791A2622417376003DA51B /* TodoBase.swift */ = {isa = PBXFileReference; lastKnownFileType = sourcecode.swift; path = TodoBase.swift; sourceTree = "<group>"; };
		9F791A2822417B26003DA51B /* TodoFull.swift */ = {isa = PBXFileReference; fileEncoding = 4; lastKnownFileType = sourcecode.swift; path = TodoFull.swift; sourceTree = "<group>"; };
		9F791A2B22418147003DA51B /* TodoFullTests.swift */ = {isa = PBXFileReference; lastKnownFileType = sourcecode.swift; path = TodoFullTests.swift; sourceTree = "<group>"; };
		9F791A2D22418948003DA51B /* TodoList.swift */ = {isa = PBXFileReference; fileEncoding = 4; lastKnownFileType = sourcecode.swift; path = TodoList.swift; sourceTree = "<group>"; };
		9F791A2F22418965003DA51B /* TodoBaseTests.swift */ = {isa = PBXFileReference; fileEncoding = 4; lastKnownFileType = sourcecode.swift; path = TodoBaseTests.swift; sourceTree = "<group>"; };
		9F791A3122418A37003DA51B /* TodoListTests.swift */ = {isa = PBXFileReference; fileEncoding = 4; lastKnownFileType = sourcecode.swift; path = TodoListTests.swift; sourceTree = "<group>"; };
		9F791A34224198F1003DA51B /* TodosTableViewController.swift */ = {isa = PBXFileReference; lastKnownFileType = sourcecode.swift; path = TodosTableViewController.swift; sourceTree = "<group>"; };
		9F791A3722419951003DA51B /* TodoTableViewCell.swift */ = {isa = PBXFileReference; lastKnownFileType = sourcecode.swift; path = TodoTableViewCell.swift; sourceTree = "<group>"; };
		9F791A3822419951003DA51B /* TodoTableViewCell.xib */ = {isa = PBXFileReference; lastKnownFileType = file.xib; path = TodoTableViewCell.xib; sourceTree = "<group>"; };
		9F791A3B22419997003DA51B /* TodosTableViewCoordinator.swift */ = {isa = PBXFileReference; lastKnownFileType = sourcecode.swift; path = TodosTableViewCoordinator.swift; sourceTree = "<group>"; };
		9F7C37A22242879200A6CF66 /* Date.swift */ = {isa = PBXFileReference; lastKnownFileType = sourcecode.swift; path = Date.swift; sourceTree = "<group>"; };
		9F862A742246EC6600712CDD /* GameIcons.xcodeproj */ = {isa = PBXFileReference; lastKnownFileType = "wrapper.pb-project"; name = GameIcons.xcodeproj; path = ../Frameworks/GameIcons/GameIcons/GameIcons.xcodeproj; sourceTree = "<group>"; };
		9F8645DA2246F91C00712CDD /* Macaw.framework */ = {isa = PBXFileReference; explicitFileType = wrapper.framework; path = Macaw.framework; sourceTree = BUILT_PRODUCTS_DIR; };
		9F8646152247A81100712CDD /* Service.swift */ = {isa = PBXFileReference; lastKnownFileType = sourcecode.swift; path = Service.swift; sourceTree = "<group>"; };
		9F8646172247A99E00712CDD /* Repository.swift */ = {isa = PBXFileReference; lastKnownFileType = sourcecode.swift; path = Repository.swift; sourceTree = "<group>"; };
		9F8646192247AC6000712CDD /* TodoRepository.swift */ = {isa = PBXFileReference; lastKnownFileType = sourcecode.swift; path = TodoRepository.swift; sourceTree = "<group>"; };
		9F8646642247C20900712CDD /* TodoRepositoryTests.swift */ = {isa = PBXFileReference; lastKnownFileType = sourcecode.swift; path = TodoRepositoryTests.swift; sourceTree = "<group>"; };
		9F8646662247E19F00712CDD /* AppCoordinatorTests.swift */ = {isa = PBXFileReference; lastKnownFileType = sourcecode.swift; path = AppCoordinatorTests.swift; sourceTree = "<group>"; };
		9F8646682247E74200712CDD /* Cuckoo.xcodeproj */ = {isa = PBXFileReference; lastKnownFileType = "wrapper.pb-project"; name = Cuckoo.xcodeproj; path = ../Frameworks/Cuckoo/Cuckoo.xcodeproj; sourceTree = "<group>"; };
		9F8646992247E7BB00712CDD /* Cuckoo.framework */ = {isa = PBXFileReference; explicitFileType = wrapper.framework; path = Cuckoo.framework; sourceTree = BUILT_PRODUCTS_DIR; };
		9F86469B2247EBF600712CDD /* GeneratedMocks.swift */ = {isa = PBXFileReference; fileEncoding = 4; lastKnownFileType = sourcecode.swift; path = GeneratedMocks.swift; sourceTree = "<group>"; };
		9F86469E2247EC6500712CDD /* SettingsTableViewControllerTests.swift */ = {isa = PBXFileReference; lastKnownFileType = sourcecode.swift; path = SettingsTableViewControllerTests.swift; sourceTree = "<group>"; };
		9F8646A02248042800712CDD /* TodosTableViewControllerTests.swift */ = {isa = PBXFileReference; lastKnownFileType = sourcecode.swift; path = TodosTableViewControllerTests.swift; sourceTree = "<group>"; };
		9F93560E224037A90092009A /* AppCoordinator.swift */ = {isa = PBXFileReference; lastKnownFileType = sourcecode.swift; path = AppCoordinator.swift; sourceTree = "<group>"; };
		9F935610224037D20092009A /* Coordinator.swift */ = {isa = PBXFileReference; lastKnownFileType = sourcecode.swift; path = Coordinator.swift; sourceTree = "<group>"; };
		9F935612224037F40092009A /* RootViewCoordinator.swift */ = {isa = PBXFileReference; lastKnownFileType = sourcecode.swift; path = RootViewCoordinator.swift; sourceTree = "<group>"; };
		9F93563F22403D8A0092009A /* Alamofire.xcodeproj */ = {isa = PBXFileReference; lastKnownFileType = "wrapper.pb-project"; name = Alamofire.xcodeproj; path = ../Frameworks/Alamofire/Alamofire.xcodeproj; sourceTree = "<group>"; };
		9FB81E5622453502002BF3F1 /* DateTests.swift */ = {isa = PBXFileReference; lastKnownFileType = sourcecode.swift; path = DateTests.swift; sourceTree = "<group>"; };
		9FB81E5822453A40002BF3F1 /* StringTests.swift */ = {isa = PBXFileReference; lastKnownFileType = sourcecode.swift; path = StringTests.swift; sourceTree = "<group>"; };
		9FB81EAD22456FBD002BF3F1 /* en */ = {isa = PBXFileReference; lastKnownFileType = text.plist.strings; name = en; path = en.lproj/Localizable.strings; sourceTree = "<group>"; };
		9FB81EAF22456FD6002BF3F1 /* de */ = {isa = PBXFileReference; lastKnownFileType = text.plist.strings; name = de; path = de.lproj/Localizable.strings; sourceTree = "<group>"; };
		9FB81EB022458119002BF3F1 /* Preferences.swift */ = {isa = PBXFileReference; lastKnownFileType = sourcecode.swift; path = Preferences.swift; sourceTree = "<group>"; };
		9FB81EB222458189002BF3F1 /* UserDefaults.swift */ = {isa = PBXFileReference; lastKnownFileType = sourcecode.swift; path = UserDefaults.swift; sourceTree = "<group>"; };
		9FB81EB42245827F002BF3F1 /* SwiftyUserDefaults.xcodeproj */ = {isa = PBXFileReference; lastKnownFileType = "wrapper.pb-project"; name = SwiftyUserDefaults.xcodeproj; path = ../Frameworks/SwiftyUserDefaults/SwiftyUserDefaults.xcodeproj; sourceTree = "<group>"; };
		9FB81ED322464813002BF3F1 /* Component.swift */ = {isa = PBXFileReference; lastKnownFileType = sourcecode.swift; path = Component.swift; sourceTree = "<group>"; };
		9FB81ED522464924002BF3F1 /* Strings.swift */ = {isa = PBXFileReference; lastKnownFileType = sourcecode.swift; path = Strings.swift; sourceTree = "<group>"; };
		9FB81ED722465245002BF3F1 /* SettingsTableViewController.swift */ = {isa = PBXFileReference; lastKnownFileType = sourcecode.swift; path = SettingsTableViewController.swift; sourceTree = "<group>"; };
		9FB81ED922465275002BF3F1 /* SettingsTableViewController.storyboard */ = {isa = PBXFileReference; fileEncoding = 4; lastKnownFileType = file.storyboard; path = SettingsTableViewController.storyboard; sourceTree = "<group>"; };
		9FB81EDB22465611002BF3F1 /* SettingsTableViewCoordinator.swift */ = {isa = PBXFileReference; fileEncoding = 4; lastKnownFileType = sourcecode.swift; path = SettingsTableViewCoordinator.swift; sourceTree = "<group>"; };
		9FB81F242246AAD9002BF3F1 /* TodoTableViewTests.swift */ = {isa = PBXFileReference; fileEncoding = 4; lastKnownFileType = sourcecode.swift; path = TodoTableViewTests.swift; sourceTree = "<group>"; };
/* End PBXFileReference section */

/* Begin PBXFrameworksBuildPhase section */
		9F3FF26622401BB70096E7C2 /* Frameworks */ = {
			isa = PBXFrameworksBuildPhase;
			buildActionMask = 2147483647;
			files = (
				9F2A95F22240330100E6F74F /* Zip.framework in Frameworks */,
				9F8645882246F4E500712CDD /* GameIcons.framework in Frameworks */,
				9F791A172240425C003DA51B /* CoreStore.framework in Frameworks */,
				9F93565822403D960092009A /* Alamofire.framework in Frameworks */,
				9FB81ECF224582BE002BF3F1 /* SwiftyUserDefaults.framework in Frameworks */,
				9F8645DB2246F91D00712CDD /* Macaw.framework in Frameworks */,
				9F2A95EC2240318400E6F74F /* QLog.framework in Frameworks */,
			);
			runOnlyForDeploymentPostprocessing = 0;
		};
		9F3FF27D22401BBA0096E7C2 /* Frameworks */ = {
			isa = PBXFrameworksBuildPhase;
			buildActionMask = 2147483647;
			files = (
				9F86469A2247E7BB00712CDD /* Cuckoo.framework in Frameworks */,
			);
			runOnlyForDeploymentPostprocessing = 0;
		};
		9F3FF28822401BBA0096E7C2 /* Frameworks */ = {
			isa = PBXFrameworksBuildPhase;
			buildActionMask = 2147483647;
			files = (
			);
			runOnlyForDeploymentPostprocessing = 0;
		};
/* End PBXFrameworksBuildPhase section */

/* Begin PBXGroup section */
		9F2A95DC2240312800E6F74F /* Frameworks */ = {
			isa = PBXGroup;
			children = (
				9F8646992247E7BB00712CDD /* Cuckoo.framework */,
				9F93563F22403D8A0092009A /* Alamofire.xcodeproj */,
				9F7919FF2240422D003DA51B /* CoreStore.xcodeproj */,
				9F8646682247E74200712CDD /* Cuckoo.xcodeproj */,
				9F862A742246EC6600712CDD /* GameIcons.xcodeproj */,
				9F2A95DD2240313C00E6F74F /* QLog.xcodeproj */,
				9FB81EB42245827F002BF3F1 /* SwiftyUserDefaults.xcodeproj */,
			);
			name = Frameworks;
			sourceTree = "<group>";
		};
		9F2A95DE2240313C00E6F74F /* Products */ = {
			isa = PBXGroup;
			children = (
				9F2A95E72240313D00E6F74F /* QLog.framework */,
				9F2A95E92240313D00E6F74F /* QLogTests.xctest */,
				9F2A95EB2240313D00E6F74F /* QLogTestsHostApp.app */,
			);
			name = Products;
			sourceTree = "<group>";
		};
		9F3FF26022401BB70096E7C2 = {
			isa = PBXGroup;
			children = (
				9F3FF26B22401BB70096E7C2 /* TodoList */,
				9F3FF28322401BBA0096E7C2 /* TodoListTests */,
				9F3FF28E22401BBA0096E7C2 /* TodoListUITests */,
				9F2A95DC2240312800E6F74F /* Frameworks */,
				9F3FF2A7224028430096E7C2 /* README.md */,
				9F3FF2A5224023BB0096E7C2 /* .travis.yml */,
				9F3FF26A22401BB70096E7C2 /* Products */,
				9F8645DA2246F91C00712CDD /* Macaw.framework */,
				9F2A95F12240330100E6F74F /* Zip.framework */,
			);
			sourceTree = "<group>";
		};
		9F3FF26A22401BB70096E7C2 /* Products */ = {
			isa = PBXGroup;
			children = (
				9F3FF26922401BB70096E7C2 /* TodoList.app */,
				9F3FF28022401BBA0096E7C2 /* TodoListTests.xctest */,
				9F3FF28B22401BBA0096E7C2 /* TodoListUITests.xctest */,
			);
			name = Products;
			sourceTree = "<group>";
		};
		9F3FF26B22401BB70096E7C2 /* TodoList */ = {
			isa = PBXGroup;
			children = (
				9F93561A22403BF90092009A /* Main */,
				9F791A1B224043A6003DA51B /* Constants */,
				9F791A23224046A0003DA51B /* Services */,
				9F7919FC22404104003DA51B /* Model */,
				9F93561922403BE00092009A /* Coordinators */,
				9F791A332241987B003DA51B /* View Controllers */,
				9F791A362241992E003DA51B /* Table View Cells */,
				9F76F45C2242630600EE2E2E /* Views */,
				9F791A2022404430003DA51B /* Util */,
				9F3FF27622401BB90096E7C2 /* Assets.xcassets */,
				9F3FF27822401BB90096E7C2 /* LaunchScreen.storyboard */,
				9FB81EAE22456FBD002BF3F1 /* Localizable.strings */,
				9F3FF27B22401BB90096E7C2 /* Info.plist */,
				9F3FF27322401BB70096E7C2 /* TodoList.xcdatamodeld */,
				9F3FF29D22401CD30096E7C2 /* .swiftlint.yml */,
			);
			path = TodoList;
			sourceTree = "<group>";
		};
		9F3FF28322401BBA0096E7C2 /* TodoListTests */ = {
			isa = PBXGroup;
			children = (
				9F93561B22403C0F0092009A /* Main */,
				9F791A2A2241812E003DA51B /* Model */,
				9F93561D22403C240092009A /* Coordinators */,
				9F86469D2247EC4E00712CDD /* View Controllers */,
				9FB81E45224534DE002BF3F1 /* Util */,
				9F86469B2247EBF600712CDD /* GeneratedMocks.swift */,
				9F3FF28622401BBA0096E7C2 /* Info.plist */,
				9F3FF29E22401CEC0096E7C2 /* .swiftlint.yml */,
			);
			path = TodoListTests;
			sourceTree = "<group>";
		};
		9F3FF28E22401BBA0096E7C2 /* TodoListUITests */ = {
			isa = PBXGroup;
			children = (
				9F3FF28F22401BBA0096E7C2 /* TodosTableViewTests.swift */,
				9FB81F242246AAD9002BF3F1 /* TodoTableViewTests.swift */,
				9F3FF29122401BBA0096E7C2 /* Info.plist */,
				9F3FF29F22401CFB0096E7C2 /* .swiftlint.yml */,
			);
			path = TodoListUITests;
			sourceTree = "<group>";
		};
		9F76F45C2242630600EE2E2E /* Views */ = {
			isa = PBXGroup;
			children = (
				9F76F45D2242632C00EE2E2E /* QLabel.swift */,
				9F76F47222426D2900EE2E2E /* QSwitch.swift */,
			);
			path = Views;
			sourceTree = "<group>";
		};
		9F7919FC22404104003DA51B /* Model */ = {
			isa = PBXGroup;
			children = (
				9F8646172247A99E00712CDD /* Repository.swift */,
				9F8646192247AC6000712CDD /* TodoRepository.swift */,
				9F7919FD2240411D003DA51B /* Todo.swift */,
				9F791A2622417376003DA51B /* TodoBase.swift */,
				9F791A2822417B26003DA51B /* TodoFull.swift */,
				9F791A2D22418948003DA51B /* TodoList.swift */,
			);
			path = Model;
			sourceTree = "<group>";
		};
		9F791A002240422D003DA51B /* Products */ = {
			isa = PBXGroup;
			children = (
				9F791A0A2240422D003DA51B /* CoreStore.framework */,
				9F791A0C2240422D003DA51B /* CoreStoreTests.xctest */,
				9F791A0E2240422D003DA51B /* CoreStore.framework */,
				9F791A102240422D003DA51B /* CoreStoreTests.xctest */,
				9F791A122240422D003DA51B /* CoreStore.framework */,
				9F791A142240422D003DA51B /* CoreStore.framework */,
				9F791A162240422D003DA51B /* CoreStoreTests.xctest */,
			);
			name = Products;
			sourceTree = "<group>";
		};
		9F791A1B224043A6003DA51B /* Constants */ = {
			isa = PBXGroup;
			children = (
				9F791A1C224043BB003DA51B /* App.swift */,
				9F791A1E224043F0003DA51B /* Database.swift */,
				9FB81EB022458119002BF3F1 /* Preferences.swift */,
				9FB81ED522464924002BF3F1 /* Strings.swift */,
				9F7602072242E32300DA7FC9 /* Texts.swift */,
			);
			path = Constants;
			sourceTree = "<group>";
		};
		9F791A2022404430003DA51B /* Util */ = {
			isa = PBXGroup;
			children = (
				9FB81ED322464813002BF3F1 /* Component.swift */,
				9F7C37A22242879200A6CF66 /* Date.swift */,
				9F76F4582242629B00EE2E2E /* QColor.swift */,
				9F76F45A224262E500EE2E2E /* String.swift */,
				9FB81EB222458189002BF3F1 /* UserDefaults.swift */,
			);
			path = Util;
			sourceTree = "<group>";
		};
		9F791A23224046A0003DA51B /* Services */ = {
			isa = PBXGroup;
			children = (
				9F8646152247A81100712CDD /* Service.swift */,
				9F791A24224046B8003DA51B /* NetworkService.swift */,
			);
			path = Services;
			sourceTree = "<group>";
		};
		9F791A2A2241812E003DA51B /* Model */ = {
			isa = PBXGroup;
			children = (
				9F8646642247C20900712CDD /* TodoRepositoryTests.swift */,
				9F791A2B22418147003DA51B /* TodoFullTests.swift */,
				9F791A3122418A37003DA51B /* TodoListTests.swift */,
				9F791A2F22418965003DA51B /* TodoBaseTests.swift */,
			);
			path = Model;
			sourceTree = "<group>";
		};
		9F791A332241987B003DA51B /* View Controllers */ = {
			isa = PBXGroup;
			children = (
				9FB81ED722465245002BF3F1 /* SettingsTableViewController.swift */,
				9FB81ED922465275002BF3F1 /* SettingsTableViewController.storyboard */,
				9F791A34224198F1003DA51B /* TodosTableViewController.swift */,
				9F7601F12242D6B400DA7FC9 /* TodoTableViewController.swift */,
				9F7602032242D6C800DA7FC9 /* TodoTableViewController.storyboard */,
				9F76F4452242620600EE2E2E /* QTableViewController.swift */,
			);
			path = "View Controllers";
			sourceTree = "<group>";
		};
		9F791A362241992E003DA51B /* Table View Cells */ = {
			isa = PBXGroup;
			children = (
				9F791A3722419951003DA51B /* TodoTableViewCell.swift */,
				9F791A3822419951003DA51B /* TodoTableViewCell.xib */,
				9F76F4562242625F00EE2E2E /* QTableViewCell.swift */,
			);
			path = "Table View Cells";
			sourceTree = "<group>";
		};
		9F862A752246EC6600712CDD /* Products */ = {
			isa = PBXGroup;
			children = (
				9F862A7B2246EC6600712CDD /* GameIcons.framework */,
				9F862A7D2246EC6600712CDD /* GameIconsTests.xctest */,
			);
			name = Products;
			sourceTree = "<group>";
		};
		9F8646692247E74200712CDD /* Products */ = {
			isa = PBXGroup;
			children = (
				9F8646712247E74300712CDD /* Cuckoo.framework */,
				9F8646732247E74300712CDD /* Cuckoo_iOSTests.xctest */,
				9F8646752247E74300712CDD /* Cuckoo.framework */,
				9F8646772247E74300712CDD /* Cuckoo_macOSTests.xctest */,
			);
			name = Products;
			sourceTree = "<group>";
		};
		9F86469D2247EC4E00712CDD /* View Controllers */ = {
			isa = PBXGroup;
			children = (
				9F86469E2247EC6500712CDD /* SettingsTableViewControllerTests.swift */,
				9F8646A02248042800712CDD /* TodosTableViewControllerTests.swift */,
			);
			path = "View Controllers";
			sourceTree = "<group>";
		};
		9F93561922403BE00092009A /* Coordinators */ = {
			isa = PBXGroup;
			children = (
				9F935610224037D20092009A /* Coordinator.swift */,
				9F935612224037F40092009A /* RootViewCoordinator.swift */,
				9F93560E224037A90092009A /* AppCoordinator.swift */,
				9F791A3B22419997003DA51B /* TodosTableViewCoordinator.swift */,
				9F7602052242DA8000DA7FC9 /* TodoTableViewCoordinator.swift */,
				9FB81EDB22465611002BF3F1 /* SettingsTableViewCoordinator.swift */,
			);
			path = Coordinators;
			sourceTree = "<group>";
		};
		9F93561A22403BF90092009A /* Main */ = {
			isa = PBXGroup;
			children = (
				9F2A95F52240334300E6F74F /* main.swift */,
				9F3FF26C22401BB70096E7C2 /* AppDelegate.swift */,
			);
			path = Main;
			sourceTree = "<group>";
		};
		9F93561B22403C0F0092009A /* Main */ = {
			isa = PBXGroup;
			children = (
				9F2A95F7224033FE00E6F74F /* TestAppDelegate.swift */,
			);
			path = Main;
			sourceTree = "<group>";
		};
		9F93561D22403C240092009A /* Coordinators */ = {
			isa = PBXGroup;
			children = (
				9F8646662247E19F00712CDD /* AppCoordinatorTests.swift */,
			);
			path = Coordinators;
			sourceTree = "<group>";
		};
		9F93564022403D8A0092009A /* Products */ = {
			isa = PBXGroup;
			children = (
				9F93564B22403D8B0092009A /* Alamofire.framework */,
				9F93564D22403D8B0092009A /* Alamofire iOS Tests.xctest */,
				9F93564F22403D8B0092009A /* Alamofire.framework */,
				9F93565122403D8B0092009A /* Alamofire macOS Tests.xctest */,
				9F93565322403D8B0092009A /* Alamofire.framework */,
				9F93565522403D8B0092009A /* Alamofire tvOS Tests.xctest */,
				9F93565722403D8B0092009A /* Alamofire.framework */,
			);
			name = Products;
			sourceTree = "<group>";
		};
		9FB81E45224534DE002BF3F1 /* Util */ = {
			isa = PBXGroup;
			children = (
				9FB81E5622453502002BF3F1 /* DateTests.swift */,
				9FB81E5822453A40002BF3F1 /* StringTests.swift */,
			);
			path = Util;
			sourceTree = "<group>";
		};
		9FB81EB52245827F002BF3F1 /* Products */ = {
			isa = PBXGroup;
			children = (
				9FB81EBA22458280002BF3F1 /* SwiftyUserDefaults.framework */,
				9FB81EBC22458280002BF3F1 /* SwiftyUserDefaultsTests.xctest */,
			);
			name = Products;
			sourceTree = "<group>";
		};
/* End PBXGroup section */

/* Begin PBXNativeTarget section */
		9F3FF26822401BB70096E7C2 /* TodoList */ = {
			isa = PBXNativeTarget;
			buildConfigurationList = 9F3FF29422401BBA0096E7C2 /* Build configuration list for PBXNativeTarget "TodoList" */;
			buildPhases = (
				9F3FF26522401BB70096E7C2 /* Sources */,
				9F3FF26622401BB70096E7C2 /* Frameworks */,
				9F3FF26722401BB70096E7C2 /* Resources */,
				9F3FF2A022401DC20096E7C2 /* ShellScript */,
				9F2A95F02240318400E6F74F /* Embed Frameworks */,
			);
			buildRules = (
			);
			dependencies = (
				9F51CF8422424F1300E5F0BF /* PBXTargetDependency */,
				9F2A95EF2240318400E6F74F /* PBXTargetDependency */,
				9F791A1A2240425C003DA51B /* PBXTargetDependency */,
				9FB81ED2224582BF002BF3F1 /* PBXTargetDependency */,
				9F86458B2246F4E500712CDD /* PBXTargetDependency */,
			);
			name = TodoList;
			productName = TodoList;
			productReference = 9F3FF26922401BB70096E7C2 /* TodoList.app */;
			productType = "com.apple.product-type.application";
		};
		9F3FF27F22401BBA0096E7C2 /* TodoListTests */ = {
			isa = PBXNativeTarget;
			buildConfigurationList = 9F3FF29722401BBA0096E7C2 /* Build configuration list for PBXNativeTarget "TodoListTests" */;
			buildPhases = (
				9F3FF2A122401DEA0096E7C2 /* ShellScript */,
				9F3FF27C22401BBA0096E7C2 /* Sources */,
				9F3FF27D22401BBA0096E7C2 /* Frameworks */,
				9F3FF27E22401BBA0096E7C2 /* Resources */,
			);
			buildRules = (
			);
			dependencies = (
				9F8646982247E7B000712CDD /* PBXTargetDependency */,
				9F3FF28222401BBA0096E7C2 /* PBXTargetDependency */,
			);
			name = TodoListTests;
			productName = TodoListTests;
			productReference = 9F3FF28022401BBA0096E7C2 /* TodoListTests.xctest */;
			productType = "com.apple.product-type.bundle.unit-test";
		};
		9F3FF28A22401BBA0096E7C2 /* TodoListUITests */ = {
			isa = PBXNativeTarget;
			buildConfigurationList = 9F3FF29A22401BBA0096E7C2 /* Build configuration list for PBXNativeTarget "TodoListUITests" */;
			buildPhases = (
				9F3FF28722401BBA0096E7C2 /* Sources */,
				9F3FF28822401BBA0096E7C2 /* Frameworks */,
				9F3FF28922401BBA0096E7C2 /* Resources */,
				9F3FF2A222401DFC0096E7C2 /* ShellScript */,
			);
			buildRules = (
			);
			dependencies = (
				9F3FF28D22401BBA0096E7C2 /* PBXTargetDependency */,
			);
			name = TodoListUITests;
			productName = TodoListUITests;
			productReference = 9F3FF28B22401BBA0096E7C2 /* TodoListUITests.xctest */;
			productType = "com.apple.product-type.bundle.ui-testing";
		};
/* End PBXNativeTarget section */

/* Begin PBXProject section */
		9F3FF26122401BB70096E7C2 /* Project object */ = {
			isa = PBXProject;
			attributes = {
				LastSwiftUpdateCheck = 1010;
				LastUpgradeCheck = 1010;
				ORGANIZATIONNAME = "Christian Oberdörfer";
				TargetAttributes = {
					9F3FF26822401BB70096E7C2 = {
						CreatedOnToolsVersion = 10.1;
					};
					9F3FF27F22401BBA0096E7C2 = {
						CreatedOnToolsVersion = 10.1;
						TestTargetID = 9F3FF26822401BB70096E7C2;
					};
					9F3FF28A22401BBA0096E7C2 = {
						CreatedOnToolsVersion = 10.1;
						TestTargetID = 9F3FF26822401BB70096E7C2;
					};
				};
			};
			buildConfigurationList = 9F3FF26422401BB70096E7C2 /* Build configuration list for PBXProject "TodoList" */;
			compatibilityVersion = "Xcode 9.3";
			developmentRegion = en;
			hasScannedForEncodings = 0;
			knownRegions = (
				en,
				Base,
				de,
			);
			mainGroup = 9F3FF26022401BB70096E7C2;
			productRefGroup = 9F3FF26A22401BB70096E7C2 /* Products */;
			projectDirPath = "";
			projectReferences = (
				{
					ProductGroup = 9F93564022403D8A0092009A /* Products */;
					ProjectRef = 9F93563F22403D8A0092009A /* Alamofire.xcodeproj */;
				},
				{
					ProductGroup = 9F791A002240422D003DA51B /* Products */;
					ProjectRef = 9F7919FF2240422D003DA51B /* CoreStore.xcodeproj */;
				},
				{
					ProductGroup = 9F8646692247E74200712CDD /* Products */;
					ProjectRef = 9F8646682247E74200712CDD /* Cuckoo.xcodeproj */;
				},
				{
					ProductGroup = 9F862A752246EC6600712CDD /* Products */;
					ProjectRef = 9F862A742246EC6600712CDD /* GameIcons.xcodeproj */;
				},
				{
					ProductGroup = 9F2A95DE2240313C00E6F74F /* Products */;
					ProjectRef = 9F2A95DD2240313C00E6F74F /* QLog.xcodeproj */;
				},
				{
					ProductGroup = 9FB81EB52245827F002BF3F1 /* Products */;
					ProjectRef = 9FB81EB42245827F002BF3F1 /* SwiftyUserDefaults.xcodeproj */;
				},
			);
			projectRoot = "";
			targets = (
				9F3FF26822401BB70096E7C2 /* TodoList */,
				9F3FF27F22401BBA0096E7C2 /* TodoListTests */,
				9F3FF28A22401BBA0096E7C2 /* TodoListUITests */,
			);
		};
/* End PBXProject section */

/* Begin PBXReferenceProxy section */
		9F2A95E72240313D00E6F74F /* QLog.framework */ = {
			isa = PBXReferenceProxy;
			fileType = wrapper.framework;
			path = QLog.framework;
			remoteRef = 9F2A95E62240313D00E6F74F /* PBXContainerItemProxy */;
			sourceTree = BUILT_PRODUCTS_DIR;
		};
		9F2A95E92240313D00E6F74F /* QLogTests.xctest */ = {
			isa = PBXReferenceProxy;
			fileType = wrapper.cfbundle;
			path = QLogTests.xctest;
			remoteRef = 9F2A95E82240313D00E6F74F /* PBXContainerItemProxy */;
			sourceTree = BUILT_PRODUCTS_DIR;
		};
		9F2A95EB2240313D00E6F74F /* QLogTestsHostApp.app */ = {
			isa = PBXReferenceProxy;
			fileType = wrapper.application;
			path = QLogTestsHostApp.app;
			remoteRef = 9F2A95EA2240313D00E6F74F /* PBXContainerItemProxy */;
			sourceTree = BUILT_PRODUCTS_DIR;
		};
		9F791A0A2240422D003DA51B /* CoreStore.framework */ = {
			isa = PBXReferenceProxy;
			fileType = wrapper.framework;
			path = CoreStore.framework;
			remoteRef = 9F791A092240422D003DA51B /* PBXContainerItemProxy */;
			sourceTree = BUILT_PRODUCTS_DIR;
		};
		9F791A0C2240422D003DA51B /* CoreStoreTests.xctest */ = {
			isa = PBXReferenceProxy;
			fileType = wrapper.cfbundle;
			path = CoreStoreTests.xctest;
			remoteRef = 9F791A0B2240422D003DA51B /* PBXContainerItemProxy */;
			sourceTree = BUILT_PRODUCTS_DIR;
		};
		9F791A0E2240422D003DA51B /* CoreStore.framework */ = {
			isa = PBXReferenceProxy;
			fileType = wrapper.framework;
			path = CoreStore.framework;
			remoteRef = 9F791A0D2240422D003DA51B /* PBXContainerItemProxy */;
			sourceTree = BUILT_PRODUCTS_DIR;
		};
		9F791A102240422D003DA51B /* CoreStoreTests.xctest */ = {
			isa = PBXReferenceProxy;
			fileType = wrapper.cfbundle;
			path = CoreStoreTests.xctest;
			remoteRef = 9F791A0F2240422D003DA51B /* PBXContainerItemProxy */;
			sourceTree = BUILT_PRODUCTS_DIR;
		};
		9F791A122240422D003DA51B /* CoreStore.framework */ = {
			isa = PBXReferenceProxy;
			fileType = wrapper.framework;
			path = CoreStore.framework;
			remoteRef = 9F791A112240422D003DA51B /* PBXContainerItemProxy */;
			sourceTree = BUILT_PRODUCTS_DIR;
		};
		9F791A142240422D003DA51B /* CoreStore.framework */ = {
			isa = PBXReferenceProxy;
			fileType = wrapper.framework;
			path = CoreStore.framework;
			remoteRef = 9F791A132240422D003DA51B /* PBXContainerItemProxy */;
			sourceTree = BUILT_PRODUCTS_DIR;
		};
		9F791A162240422D003DA51B /* CoreStoreTests.xctest */ = {
			isa = PBXReferenceProxy;
			fileType = wrapper.cfbundle;
			path = CoreStoreTests.xctest;
			remoteRef = 9F791A152240422D003DA51B /* PBXContainerItemProxy */;
			sourceTree = BUILT_PRODUCTS_DIR;
		};
		9F862A7B2246EC6600712CDD /* GameIcons.framework */ = {
			isa = PBXReferenceProxy;
			fileType = wrapper.framework;
			path = GameIcons.framework;
			remoteRef = 9F862A7A2246EC6600712CDD /* PBXContainerItemProxy */;
			sourceTree = BUILT_PRODUCTS_DIR;
		};
		9F862A7D2246EC6600712CDD /* GameIconsTests.xctest */ = {
			isa = PBXReferenceProxy;
			fileType = wrapper.cfbundle;
			path = GameIconsTests.xctest;
			remoteRef = 9F862A7C2246EC6600712CDD /* PBXContainerItemProxy */;
			sourceTree = BUILT_PRODUCTS_DIR;
		};
		9F8646712247E74300712CDD /* Cuckoo.framework */ = {
			isa = PBXReferenceProxy;
			fileType = wrapper.framework;
			path = Cuckoo.framework;
			remoteRef = 9F8646702247E74300712CDD /* PBXContainerItemProxy */;
			sourceTree = BUILT_PRODUCTS_DIR;
		};
		9F8646732247E74300712CDD /* Cuckoo_iOSTests.xctest */ = {
			isa = PBXReferenceProxy;
			fileType = wrapper.cfbundle;
			path = Cuckoo_iOSTests.xctest;
			remoteRef = 9F8646722247E74300712CDD /* PBXContainerItemProxy */;
			sourceTree = BUILT_PRODUCTS_DIR;
		};
		9F8646752247E74300712CDD /* Cuckoo.framework */ = {
			isa = PBXReferenceProxy;
			fileType = wrapper.framework;
			path = Cuckoo.framework;
			remoteRef = 9F8646742247E74300712CDD /* PBXContainerItemProxy */;
			sourceTree = BUILT_PRODUCTS_DIR;
		};
		9F8646772247E74300712CDD /* Cuckoo_macOSTests.xctest */ = {
			isa = PBXReferenceProxy;
			fileType = wrapper.cfbundle;
			path = Cuckoo_macOSTests.xctest;
			remoteRef = 9F8646762247E74300712CDD /* PBXContainerItemProxy */;
			sourceTree = BUILT_PRODUCTS_DIR;
		};
		9F93564B22403D8B0092009A /* Alamofire.framework */ = {
			isa = PBXReferenceProxy;
			fileType = wrapper.framework;
			path = Alamofire.framework;
			remoteRef = 9F93564A22403D8B0092009A /* PBXContainerItemProxy */;
			sourceTree = BUILT_PRODUCTS_DIR;
		};
		9F93564D22403D8B0092009A /* Alamofire iOS Tests.xctest */ = {
			isa = PBXReferenceProxy;
			fileType = wrapper.cfbundle;
			path = "Alamofire iOS Tests.xctest";
			remoteRef = 9F93564C22403D8B0092009A /* PBXContainerItemProxy */;
			sourceTree = BUILT_PRODUCTS_DIR;
		};
		9F93564F22403D8B0092009A /* Alamofire.framework */ = {
			isa = PBXReferenceProxy;
			fileType = wrapper.framework;
			path = Alamofire.framework;
			remoteRef = 9F93564E22403D8B0092009A /* PBXContainerItemProxy */;
			sourceTree = BUILT_PRODUCTS_DIR;
		};
		9F93565122403D8B0092009A /* Alamofire macOS Tests.xctest */ = {
			isa = PBXReferenceProxy;
			fileType = wrapper.cfbundle;
			path = "Alamofire macOS Tests.xctest";
			remoteRef = 9F93565022403D8B0092009A /* PBXContainerItemProxy */;
			sourceTree = BUILT_PRODUCTS_DIR;
		};
		9F93565322403D8B0092009A /* Alamofire.framework */ = {
			isa = PBXReferenceProxy;
			fileType = wrapper.framework;
			path = Alamofire.framework;
			remoteRef = 9F93565222403D8B0092009A /* PBXContainerItemProxy */;
			sourceTree = BUILT_PRODUCTS_DIR;
		};
		9F93565522403D8B0092009A /* Alamofire tvOS Tests.xctest */ = {
			isa = PBXReferenceProxy;
			fileType = wrapper.cfbundle;
			path = "Alamofire tvOS Tests.xctest";
			remoteRef = 9F93565422403D8B0092009A /* PBXContainerItemProxy */;
			sourceTree = BUILT_PRODUCTS_DIR;
		};
		9F93565722403D8B0092009A /* Alamofire.framework */ = {
			isa = PBXReferenceProxy;
			fileType = wrapper.framework;
			path = Alamofire.framework;
			remoteRef = 9F93565622403D8B0092009A /* PBXContainerItemProxy */;
			sourceTree = BUILT_PRODUCTS_DIR;
		};
		9FB81EBA22458280002BF3F1 /* SwiftyUserDefaults.framework */ = {
			isa = PBXReferenceProxy;
			fileType = wrapper.framework;
			path = SwiftyUserDefaults.framework;
			remoteRef = 9FB81EB922458280002BF3F1 /* PBXContainerItemProxy */;
			sourceTree = BUILT_PRODUCTS_DIR;
		};
		9FB81EBC22458280002BF3F1 /* SwiftyUserDefaultsTests.xctest */ = {
			isa = PBXReferenceProxy;
			fileType = wrapper.cfbundle;
			path = SwiftyUserDefaultsTests.xctest;
			remoteRef = 9FB81EBB22458280002BF3F1 /* PBXContainerItemProxy */;
			sourceTree = BUILT_PRODUCTS_DIR;
		};
/* End PBXReferenceProxy section */

/* Begin PBXResourcesBuildPhase section */
		9F3FF26722401BB70096E7C2 /* Resources */ = {
			isa = PBXResourcesBuildPhase;
			buildActionMask = 2147483647;
			files = (
				9FB81EAC22456FBD002BF3F1 /* Localizable.strings in Resources */,
				9FB81EDA22465275002BF3F1 /* SettingsTableViewController.storyboard in Resources */,
				9F3FF27A22401BB90096E7C2 /* LaunchScreen.storyboard in Resources */,
				9F3FF27722401BB90096E7C2 /* Assets.xcassets in Resources */,
				9F7602042242D6C800DA7FC9 /* TodoTableViewController.storyboard in Resources */,
				9F791A3A22419951003DA51B /* TodoTableViewCell.xib in Resources */,
			);
			runOnlyForDeploymentPostprocessing = 0;
		};
		9F3FF27E22401BBA0096E7C2 /* Resources */ = {
			isa = PBXResourcesBuildPhase;
			buildActionMask = 2147483647;
			files = (
			);
			runOnlyForDeploymentPostprocessing = 0;
		};
		9F3FF28922401BBA0096E7C2 /* Resources */ = {
			isa = PBXResourcesBuildPhase;
			buildActionMask = 2147483647;
			files = (
			);
			runOnlyForDeploymentPostprocessing = 0;
		};
/* End PBXResourcesBuildPhase section */

/* Begin PBXShellScriptBuildPhase section */
		9F3FF2A022401DC20096E7C2 /* ShellScript */ = {
			isa = PBXShellScriptBuildPhase;
			buildActionMask = 2147483647;
			files = (
			);
			inputFileListPaths = (
			);
			inputPaths = (
			);
			outputFileListPaths = (
			);
			outputPaths = (
			);
			runOnlyForDeploymentPostprocessing = 0;
			shellPath = /bin/sh;
			shellScript = "if which swiftlint >/dev/null; then\n    cd TodoList\n    swiftlint\nelse\n    echo \"warning: SwiftLint not installed, download from https://github.com/realm/SwiftLint\"\nfi\n";
		};
		9F3FF2A122401DEA0096E7C2 /* ShellScript */ = {
			isa = PBXShellScriptBuildPhase;
			buildActionMask = 2147483647;
			files = (
			);
			inputFileListPaths = (
			);
			inputPaths = (
				"$(SRCROOT)/TodoList/Coordinators/SettingsTableViewCoordinator.swift",
				"$(SRCROOT)/TodoList/View Controllers/SettingsTableViewController.swift",
				"$(SRCROOT)/TodoList/View Controllers/TodosTableViewController.swift",
			);
			outputFileListPaths = (
			);
			outputPaths = (
			);
			runOnlyForDeploymentPostprocessing = 0;
			shellPath = /bin/sh;
			shellScript = "# Define output file. Change \"$PROJECT_DIR/Tests\" to your test's root source folder, if it's not the default name.\nOUTPUT_FILE=\"$PROJECT_DIR/TodoListTests/GeneratedMocks.swift\"\necho \"Generated Mocks File = $OUTPUT_FILE\"\n\n# Define input directory. Change \"$PROJECT_DIR\" to your project's root source folder, if it's not the default name.\nINPUT_DIR=\"$PROJECT_DIR\"\necho \"Mocks Input Directory = $INPUT_DIR\"\n\n# Generate mock files, include as many input files as you'd like to create mocks for.\n${PROJECT_DIR}/../Frameworks/Cuckoo/run generate --testable \"$PROJECT_NAME\" \\\n--output \"${OUTPUT_FILE}\"\n";
		};
		9F3FF2A222401DFC0096E7C2 /* ShellScript */ = {
			isa = PBXShellScriptBuildPhase;
			buildActionMask = 2147483647;
			files = (
			);
			inputFileListPaths = (
			);
			inputPaths = (
			);
			outputFileListPaths = (
			);
			outputPaths = (
			);
			runOnlyForDeploymentPostprocessing = 0;
			shellPath = /bin/sh;
			shellScript = "if which swiftlint >/dev/null; then\n    cd TodoListUITests\n    swiftlint\nelse\n    echo \"warning: SwiftLint not installed, download from https://github.com/realm/SwiftLint\"\nfi\n";
		};
/* End PBXShellScriptBuildPhase section */

/* Begin PBXSourcesBuildPhase section */
		9F3FF26522401BB70096E7C2 /* Sources */ = {
			isa = PBXSourcesBuildPhase;
			buildActionMask = 2147483647;
			files = (
				9FB81EB322458189002BF3F1 /* UserDefaults.swift in Sources */,
				9F791A25224046B8003DA51B /* NetworkService.swift in Sources */,
				9F76F4462242620600EE2E2E /* QTableViewController.swift in Sources */,
				9FB81EB12245811A002BF3F1 /* Preferences.swift in Sources */,
				9F791A2E22418948003DA51B /* TodoList.swift in Sources */,
				9F7919FE2240411D003DA51B /* Todo.swift in Sources */,
				9F8646182247A99E00712CDD /* Repository.swift in Sources */,
				9F7C37A32242879200A6CF66 /* Date.swift in Sources */,
				9F791A2922417B26003DA51B /* TodoFull.swift in Sources */,
				9F935613224037F40092009A /* RootViewCoordinator.swift in Sources */,
				9F3FF26D22401BB70096E7C2 /* AppDelegate.swift in Sources */,
				9F8646162247A81100712CDD /* Service.swift in Sources */,
				9FB81ED622464924002BF3F1 /* Strings.swift in Sources */,
				9F935611224037D20092009A /* Coordinator.swift in Sources */,
				9F791A35224198F1003DA51B /* TodosTableViewController.swift in Sources */,
				9F76F47322426D2900EE2E2E /* QSwitch.swift in Sources */,
				9F86461A2247AC6000712CDD /* TodoRepository.swift in Sources */,
				9F93560F224037AA0092009A /* AppCoordinator.swift in Sources */,
				9FB81ED422464813002BF3F1 /* Component.swift in Sources */,
				9F791A1D224043BB003DA51B /* App.swift in Sources */,
				9F76F4572242625F00EE2E2E /* QTableViewCell.swift in Sources */,
				9F791A3922419951003DA51B /* TodoTableViewCell.swift in Sources */,
				9F791A1F224043F0003DA51B /* Database.swift in Sources */,
				9F2A95F62240334300E6F74F /* main.swift in Sources */,
				9F76F45E2242632C00EE2E2E /* QLabel.swift in Sources */,
				9F791A2722417376003DA51B /* TodoBase.swift in Sources */,
				9F3FF27522401BB70096E7C2 /* TodoList.xcdatamodeld in Sources */,
				9FB81EDC22465611002BF3F1 /* SettingsTableViewCoordinator.swift in Sources */,
				9F7602082242E32300DA7FC9 /* Texts.swift in Sources */,
				9F76F45B224262E500EE2E2E /* String.swift in Sources */,
				9F7602062242DA8000DA7FC9 /* TodoTableViewCoordinator.swift in Sources */,
				9FB81ED822465245002BF3F1 /* SettingsTableViewController.swift in Sources */,
				9F791A3C22419997003DA51B /* TodosTableViewCoordinator.swift in Sources */,
				9F76F4592242629B00EE2E2E /* QColor.swift in Sources */,
				9F7601F22242D6B400DA7FC9 /* TodoTableViewController.swift in Sources */,
			);
			runOnlyForDeploymentPostprocessing = 0;
		};
		9F3FF27C22401BBA0096E7C2 /* Sources */ = {
			isa = PBXSourcesBuildPhase;
			buildActionMask = 2147483647;
			files = (
				9FB81E5722453502002BF3F1 /* DateTests.swift in Sources */,
				9F791A2C22418147003DA51B /* TodoFullTests.swift in Sources */,
				9FB81E5922453A40002BF3F1 /* StringTests.swift in Sources */,
				9F791A3222418A37003DA51B /* TodoListTests.swift in Sources */,
				9F86469C2247EBF700712CDD /* GeneratedMocks.swift in Sources */,
				9F8646672247E19F00712CDD /* AppCoordinatorTests.swift in Sources */,
				9F791A3022418965003DA51B /* TodoBaseTests.swift in Sources */,
				9F8646A12248042800712CDD /* TodosTableViewControllerTests.swift in Sources */,
				9F2A95F8224033FE00E6F74F /* TestAppDelegate.swift in Sources */,
				9F86469F2247EC6500712CDD /* SettingsTableViewControllerTests.swift in Sources */,
				9F8646652247C20900712CDD /* TodoRepositoryTests.swift in Sources */,
			);
			runOnlyForDeploymentPostprocessing = 0;
		};
		9F3FF28722401BBA0096E7C2 /* Sources */ = {
			isa = PBXSourcesBuildPhase;
			buildActionMask = 2147483647;
			files = (
				9F3FF29022401BBA0096E7C2 /* TodosTableViewTests.swift in Sources */,
				9FB81F252246AADA002BF3F1 /* TodoTableViewTests.swift in Sources */,
			);
			runOnlyForDeploymentPostprocessing = 0;
		};
/* End PBXSourcesBuildPhase section */

/* Begin PBXTargetDependency section */
		9F2A95EF2240318400E6F74F /* PBXTargetDependency */ = {
			isa = PBXTargetDependency;
			name = QLog;
			targetProxy = 9F2A95EE2240318400E6F74F /* PBXContainerItemProxy */;
		};
		9F3FF28222401BBA0096E7C2 /* PBXTargetDependency */ = {
			isa = PBXTargetDependency;
			target = 9F3FF26822401BB70096E7C2 /* TodoList */;
			targetProxy = 9F3FF28122401BBA0096E7C2 /* PBXContainerItemProxy */;
		};
		9F3FF28D22401BBA0096E7C2 /* PBXTargetDependency */ = {
			isa = PBXTargetDependency;
			target = 9F3FF26822401BB70096E7C2 /* TodoList */;
			targetProxy = 9F3FF28C22401BBA0096E7C2 /* PBXContainerItemProxy */;
		};
		9F51CF8422424F1300E5F0BF /* PBXTargetDependency */ = {
			isa = PBXTargetDependency;
			name = "Alamofire iOS";
			targetProxy = 9F51CF8322424F1300E5F0BF /* PBXContainerItemProxy */;
		};
		9F791A1A2240425C003DA51B /* PBXTargetDependency */ = {
			isa = PBXTargetDependency;
			name = "CoreStore iOS";
			targetProxy = 9F791A192240425C003DA51B /* PBXContainerItemProxy */;
		};
		9F86458B2246F4E500712CDD /* PBXTargetDependency */ = {
			isa = PBXTargetDependency;
			name = GameIcons;
			targetProxy = 9F86458A2246F4E500712CDD /* PBXContainerItemProxy */;
		};
		9F8646982247E7B000712CDD /* PBXTargetDependency */ = {
			isa = PBXTargetDependency;
			name = "Cuckoo-iOS";
			targetProxy = 9F8646972247E7B000712CDD /* PBXContainerItemProxy */;
		};
		9FB81ED2224582BF002BF3F1 /* PBXTargetDependency */ = {
			isa = PBXTargetDependency;
			name = SwiftyUserDefaults;
			targetProxy = 9FB81ED1224582BF002BF3F1 /* PBXContainerItemProxy */;
		};
/* End PBXTargetDependency section */

/* Begin PBXVariantGroup section */
		9F3FF27822401BB90096E7C2 /* LaunchScreen.storyboard */ = {
			isa = PBXVariantGroup;
			children = (
				9F3FF27922401BB90096E7C2 /* Base */,
			);
			name = LaunchScreen.storyboard;
			sourceTree = "<group>";
		};
		9FB81EAE22456FBD002BF3F1 /* Localizable.strings */ = {
			isa = PBXVariantGroup;
			children = (
				9FB81EAD22456FBD002BF3F1 /* en */,
				9FB81EAF22456FD6002BF3F1 /* de */,
			);
			name = Localizable.strings;
			sourceTree = "<group>";
		};
/* End PBXVariantGroup section */

/* Begin XCBuildConfiguration section */
		9F3FF29222401BBA0096E7C2 /* Debug */ = {
			isa = XCBuildConfiguration;
			buildSettings = {
				ALWAYS_SEARCH_USER_PATHS = NO;
				CLANG_ANALYZER_LOCALIZABILITY_NONLOCALIZED = YES;
				CLANG_ANALYZER_NONNULL = YES;
				CLANG_ANALYZER_NUMBER_OBJECT_CONVERSION = YES_AGGRESSIVE;
				CLANG_CXX_LANGUAGE_STANDARD = "gnu++14";
				CLANG_CXX_LIBRARY = "libc++";
				CLANG_ENABLE_MODULES = YES;
				CLANG_ENABLE_OBJC_ARC = YES;
				CLANG_ENABLE_OBJC_WEAK = YES;
				CLANG_WARN_BLOCK_CAPTURE_AUTORELEASING = YES;
				CLANG_WARN_BOOL_CONVERSION = YES;
				CLANG_WARN_COMMA = YES;
				CLANG_WARN_CONSTANT_CONVERSION = YES;
				CLANG_WARN_DEPRECATED_OBJC_IMPLEMENTATIONS = YES;
				CLANG_WARN_DIRECT_OBJC_ISA_USAGE = YES_ERROR;
				CLANG_WARN_DOCUMENTATION_COMMENTS = YES;
				CLANG_WARN_EMPTY_BODY = YES;
				CLANG_WARN_ENUM_CONVERSION = YES;
				CLANG_WARN_INFINITE_RECURSION = YES;
				CLANG_WARN_INT_CONVERSION = YES;
				CLANG_WARN_NON_LITERAL_NULL_CONVERSION = YES;
				CLANG_WARN_OBJC_IMPLICIT_RETAIN_SELF = YES;
				CLANG_WARN_OBJC_LITERAL_CONVERSION = YES;
				CLANG_WARN_OBJC_ROOT_CLASS = YES_ERROR;
				CLANG_WARN_RANGE_LOOP_ANALYSIS = YES;
				CLANG_WARN_STRICT_PROTOTYPES = YES;
				CLANG_WARN_SUSPICIOUS_MOVE = YES;
				CLANG_WARN_UNGUARDED_AVAILABILITY = YES_AGGRESSIVE;
				CLANG_WARN_UNREACHABLE_CODE = YES;
				CLANG_WARN__DUPLICATE_METHOD_MATCH = YES;
				CODE_SIGN_IDENTITY = "iPhone Developer";
				COPY_PHASE_STRIP = NO;
				DEBUG_INFORMATION_FORMAT = dwarf;
				ENABLE_STRICT_OBJC_MSGSEND = YES;
				ENABLE_TESTABILITY = YES;
				GCC_C_LANGUAGE_STANDARD = gnu11;
				GCC_DYNAMIC_NO_PIC = NO;
				GCC_NO_COMMON_BLOCKS = YES;
				GCC_OPTIMIZATION_LEVEL = 0;
				GCC_PREPROCESSOR_DEFINITIONS = (
					"DEBUG=1",
					"$(inherited)",
				);
				GCC_WARN_64_TO_32_BIT_CONVERSION = YES;
				GCC_WARN_ABOUT_RETURN_TYPE = YES_ERROR;
				GCC_WARN_UNDECLARED_SELECTOR = YES;
				GCC_WARN_UNINITIALIZED_AUTOS = YES_AGGRESSIVE;
				GCC_WARN_UNUSED_FUNCTION = YES;
				GCC_WARN_UNUSED_VARIABLE = YES;
				IPHONEOS_DEPLOYMENT_TARGET = 11.0;
				MTL_ENABLE_DEBUG_INFO = INCLUDE_SOURCE;
				MTL_FAST_MATH = YES;
				ONLY_ACTIVE_ARCH = YES;
				SDKROOT = iphoneos;
				SWIFT_ACTIVE_COMPILATION_CONDITIONS = DEBUG;
				SWIFT_OPTIMIZATION_LEVEL = "-Onone";
			};
			name = Debug;
		};
		9F3FF29322401BBA0096E7C2 /* Release */ = {
			isa = XCBuildConfiguration;
			buildSettings = {
				ALWAYS_SEARCH_USER_PATHS = NO;
				CLANG_ANALYZER_LOCALIZABILITY_NONLOCALIZED = YES;
				CLANG_ANALYZER_NONNULL = YES;
				CLANG_ANALYZER_NUMBER_OBJECT_CONVERSION = YES_AGGRESSIVE;
				CLANG_CXX_LANGUAGE_STANDARD = "gnu++14";
				CLANG_CXX_LIBRARY = "libc++";
				CLANG_ENABLE_MODULES = YES;
				CLANG_ENABLE_OBJC_ARC = YES;
				CLANG_ENABLE_OBJC_WEAK = YES;
				CLANG_WARN_BLOCK_CAPTURE_AUTORELEASING = YES;
				CLANG_WARN_BOOL_CONVERSION = YES;
				CLANG_WARN_COMMA = YES;
				CLANG_WARN_CONSTANT_CONVERSION = YES;
				CLANG_WARN_DEPRECATED_OBJC_IMPLEMENTATIONS = YES;
				CLANG_WARN_DIRECT_OBJC_ISA_USAGE = YES_ERROR;
				CLANG_WARN_DOCUMENTATION_COMMENTS = YES;
				CLANG_WARN_EMPTY_BODY = YES;
				CLANG_WARN_ENUM_CONVERSION = YES;
				CLANG_WARN_INFINITE_RECURSION = YES;
				CLANG_WARN_INT_CONVERSION = YES;
				CLANG_WARN_NON_LITERAL_NULL_CONVERSION = YES;
				CLANG_WARN_OBJC_IMPLICIT_RETAIN_SELF = YES;
				CLANG_WARN_OBJC_LITERAL_CONVERSION = YES;
				CLANG_WARN_OBJC_ROOT_CLASS = YES_ERROR;
				CLANG_WARN_RANGE_LOOP_ANALYSIS = YES;
				CLANG_WARN_STRICT_PROTOTYPES = YES;
				CLANG_WARN_SUSPICIOUS_MOVE = YES;
				CLANG_WARN_UNGUARDED_AVAILABILITY = YES_AGGRESSIVE;
				CLANG_WARN_UNREACHABLE_CODE = YES;
				CLANG_WARN__DUPLICATE_METHOD_MATCH = YES;
				CODE_SIGN_IDENTITY = "iPhone Developer";
				COPY_PHASE_STRIP = NO;
				DEBUG_INFORMATION_FORMAT = "dwarf-with-dsym";
				ENABLE_NS_ASSERTIONS = NO;
				ENABLE_STRICT_OBJC_MSGSEND = YES;
				GCC_C_LANGUAGE_STANDARD = gnu11;
				GCC_NO_COMMON_BLOCKS = YES;
				GCC_WARN_64_TO_32_BIT_CONVERSION = YES;
				GCC_WARN_ABOUT_RETURN_TYPE = YES_ERROR;
				GCC_WARN_UNDECLARED_SELECTOR = YES;
				GCC_WARN_UNINITIALIZED_AUTOS = YES_AGGRESSIVE;
				GCC_WARN_UNUSED_FUNCTION = YES;
				GCC_WARN_UNUSED_VARIABLE = YES;
				IPHONEOS_DEPLOYMENT_TARGET = 11.0;
				MTL_ENABLE_DEBUG_INFO = NO;
				MTL_FAST_MATH = YES;
				SDKROOT = iphoneos;
				SWIFT_COMPILATION_MODE = wholemodule;
				SWIFT_OPTIMIZATION_LEVEL = "-O";
				VALIDATE_PRODUCT = YES;
			};
			name = Release;
		};
		9F3FF29522401BBA0096E7C2 /* Debug */ = {
			isa = XCBuildConfiguration;
			buildSettings = {
				ALWAYS_EMBED_SWIFT_STANDARD_LIBRARIES = YES;
				ASSETCATALOG_COMPILER_APPICON_NAME = AppIcon;
				CODE_SIGN_STYLE = Automatic;
				DEVELOPMENT_TEAM = HK9FBL7C9X;
				INFOPLIST_FILE = TodoList/Info.plist;
				LD_RUNPATH_SEARCH_PATHS = (
					"$(inherited)",
					"@executable_path/Frameworks",
				);
				PRODUCT_BUNDLE_IDENTIFIER = "de.christian-oberdoerfer.TodoList";
				PRODUCT_NAME = "$(TARGET_NAME)";
				SWIFT_VERSION = 4.2;
				TARGETED_DEVICE_FAMILY = "1,2";
			};
			name = Debug;
		};
		9F3FF29622401BBA0096E7C2 /* Release */ = {
			isa = XCBuildConfiguration;
			buildSettings = {
				ALWAYS_EMBED_SWIFT_STANDARD_LIBRARIES = YES;
				ASSETCATALOG_COMPILER_APPICON_NAME = AppIcon;
				CODE_SIGN_STYLE = Automatic;
				DEVELOPMENT_TEAM = HK9FBL7C9X;
				INFOPLIST_FILE = TodoList/Info.plist;
				LD_RUNPATH_SEARCH_PATHS = (
					"$(inherited)",
					"@executable_path/Frameworks",
				);
				PRODUCT_BUNDLE_IDENTIFIER = "de.christian-oberdoerfer.TodoList";
				PRODUCT_NAME = "$(TARGET_NAME)";
				SWIFT_VERSION = 4.2;
				TARGETED_DEVICE_FAMILY = "1,2";
			};
			name = Release;
		};
		9F3FF29822401BBA0096E7C2 /* Debug */ = {
			isa = XCBuildConfiguration;
			buildSettings = {
				ALWAYS_EMBED_SWIFT_STANDARD_LIBRARIES = YES;
				BUNDLE_LOADER = "$(TEST_HOST)";
				CODE_SIGN_STYLE = Automatic;
				DEVELOPMENT_TEAM = HK9FBL7C9X;
				INFOPLIST_FILE = TodoListTests/Info.plist;
				LD_RUNPATH_SEARCH_PATHS = (
					"$(inherited)",
					"@executable_path/Frameworks",
					"@loader_path/Frameworks",
				);
				PRODUCT_BUNDLE_IDENTIFIER = de.oberdoerfer.TodoListTests;
				PRODUCT_NAME = "$(TARGET_NAME)";
				SWIFT_VERSION = 4.2;
				TARGETED_DEVICE_FAMILY = "1,2";
				TEST_HOST = "$(BUILT_PRODUCTS_DIR)/TodoList.app/TodoList";
			};
			name = Debug;
		};
		9F3FF29922401BBA0096E7C2 /* Release */ = {
			isa = XCBuildConfiguration;
			buildSettings = {
				ALWAYS_EMBED_SWIFT_STANDARD_LIBRARIES = YES;
				BUNDLE_LOADER = "$(TEST_HOST)";
				CODE_SIGN_STYLE = Automatic;
				DEVELOPMENT_TEAM = HK9FBL7C9X;
				INFOPLIST_FILE = TodoListTests/Info.plist;
				LD_RUNPATH_SEARCH_PATHS = (
					"$(inherited)",
					"@executable_path/Frameworks",
					"@loader_path/Frameworks",
				);
				PRODUCT_BUNDLE_IDENTIFIER = de.oberdoerfer.TodoListTests;
				PRODUCT_NAME = "$(TARGET_NAME)";
				SWIFT_VERSION = 4.2;
				TARGETED_DEVICE_FAMILY = "1,2";
				TEST_HOST = "$(BUILT_PRODUCTS_DIR)/TodoList.app/TodoList";
			};
			name = Release;
		};
		9F3FF29B22401BBA0096E7C2 /* Debug */ = {
			isa = XCBuildConfiguration;
			buildSettings = {
				ALWAYS_EMBED_SWIFT_STANDARD_LIBRARIES = YES;
				CODE_SIGN_STYLE = Automatic;
				DEVELOPMENT_TEAM = HK9FBL7C9X;
				INFOPLIST_FILE = TodoListUITests/Info.plist;
				LD_RUNPATH_SEARCH_PATHS = (
					"$(inherited)",
					"@executable_path/Frameworks",
					"@loader_path/Frameworks",
				);
				PRODUCT_BUNDLE_IDENTIFIER = de.oberdoerfer.TodoListUITests;
				PRODUCT_NAME = "$(TARGET_NAME)";
				SWIFT_VERSION = 4.2;
				TARGETED_DEVICE_FAMILY = "1,2";
				TEST_TARGET_NAME = TodoList;
			};
			name = Debug;
		};
		9F3FF29C22401BBA0096E7C2 /* Release */ = {
			isa = XCBuildConfiguration;
			buildSettings = {
				ALWAYS_EMBED_SWIFT_STANDARD_LIBRARIES = YES;
				CODE_SIGN_STYLE = Automatic;
				DEVELOPMENT_TEAM = HK9FBL7C9X;
				INFOPLIST_FILE = TodoListUITests/Info.plist;
				LD_RUNPATH_SEARCH_PATHS = (
					"$(inherited)",
					"@executable_path/Frameworks",
					"@loader_path/Frameworks",
				);
				PRODUCT_BUNDLE_IDENTIFIER = de.oberdoerfer.TodoListUITests;
				PRODUCT_NAME = "$(TARGET_NAME)";
				SWIFT_VERSION = 4.2;
				TARGETED_DEVICE_FAMILY = "1,2";
				TEST_TARGET_NAME = TodoList;
			};
			name = Release;
		};
/* End XCBuildConfiguration section */

/* Begin XCConfigurationList section */
		9F3FF26422401BB70096E7C2 /* Build configuration list for PBXProject "TodoList" */ = {
			isa = XCConfigurationList;
			buildConfigurations = (
				9F3FF29222401BBA0096E7C2 /* Debug */,
				9F3FF29322401BBA0096E7C2 /* Release */,
			);
			defaultConfigurationIsVisible = 0;
			defaultConfigurationName = Release;
		};
		9F3FF29422401BBA0096E7C2 /* Build configuration list for PBXNativeTarget "TodoList" */ = {
			isa = XCConfigurationList;
			buildConfigurations = (
				9F3FF29522401BBA0096E7C2 /* Debug */,
				9F3FF29622401BBA0096E7C2 /* Release */,
			);
			defaultConfigurationIsVisible = 0;
			defaultConfigurationName = Release;
		};
		9F3FF29722401BBA0096E7C2 /* Build configuration list for PBXNativeTarget "TodoListTests" */ = {
			isa = XCConfigurationList;
			buildConfigurations = (
				9F3FF29822401BBA0096E7C2 /* Debug */,
				9F3FF29922401BBA0096E7C2 /* Release */,
			);
			defaultConfigurationIsVisible = 0;
			defaultConfigurationName = Release;
		};
		9F3FF29A22401BBA0096E7C2 /* Build configuration list for PBXNativeTarget "TodoListUITests" */ = {
			isa = XCConfigurationList;
			buildConfigurations = (
				9F3FF29B22401BBA0096E7C2 /* Debug */,
				9F3FF29C22401BBA0096E7C2 /* Release */,
			);
			defaultConfigurationIsVisible = 0;
			defaultConfigurationName = Release;
		};
/* End XCConfigurationList section */

/* Begin XCVersionGroup section */
		9F3FF27322401BB70096E7C2 /* TodoList.xcdatamodeld */ = {
			isa = XCVersionGroup;
			children = (
				9F3FF27422401BB70096E7C2 /* TodoList.xcdatamodel */,
			);
			currentVersion = 9F3FF27422401BB70096E7C2 /* TodoList.xcdatamodel */;
			path = TodoList.xcdatamodeld;
			sourceTree = "<group>";
			versionGroupType = wrapper.xcdatamodel;
		};
/* End XCVersionGroup section */
	};
	rootObject = 9F3FF26122401BB70096E7C2 /* Project object */;
}
